// !$*UTF8*$!
{
	archiveVersion = 1;
	classes = {
	};
	objectVersion = 46;
	objects = {

/* Begin PBXBuildFile section */
		AB36C62319D6074500B77B83 /* EXTRuntimeExtensions.m in Sources */ = {isa = PBXBuildFile; fileRef = AB36C60419D6074500B77B83 /* EXTRuntimeExtensions.m */; };
		AB36C62419D6074500B77B83 /* EXTScope.m in Sources */ = {isa = PBXBuildFile; fileRef = AB36C60619D6074500B77B83 /* EXTScope.m */; };
		AB36C62519D6074500B77B83 /* Mantle-Info.plist in Resources */ = {isa = PBXBuildFile; fileRef = AB36C60819D6074500B77B83 /* Mantle-Info.plist */; };
		AB36C62619D6074500B77B83 /* MTLJSONAdapter.m in Sources */ = {isa = PBXBuildFile; fileRef = AB36C60C19D6074500B77B83 /* MTLJSONAdapter.m */; };
		AB36C62719D6074500B77B83 /* MTLManagedObjectAdapter.m in Sources */ = {isa = PBXBuildFile; fileRef = AB36C60E19D6074500B77B83 /* MTLManagedObjectAdapter.m */; };
		AB36C62819D6074500B77B83 /* MTLModel+NSCoding.m in Sources */ = {isa = PBXBuildFile; fileRef = AB36C61019D6074500B77B83 /* MTLModel+NSCoding.m */; };
		AB36C62919D6074500B77B83 /* MTLModel.m in Sources */ = {isa = PBXBuildFile; fileRef = AB36C61219D6074500B77B83 /* MTLModel.m */; };
		AB36C62A19D6074500B77B83 /* MTLReflection.m in Sources */ = {isa = PBXBuildFile; fileRef = AB36C61419D6074500B77B83 /* MTLReflection.m */; };
		AB36C62B19D6074500B77B83 /* MTLValueTransformer.m in Sources */ = {isa = PBXBuildFile; fileRef = AB36C61619D6074500B77B83 /* MTLValueTransformer.m */; };
		AB36C62C19D6074500B77B83 /* NSArray+MTLManipulationAdditions.m in Sources */ = {isa = PBXBuildFile; fileRef = AB36C61819D6074500B77B83 /* NSArray+MTLManipulationAdditions.m */; };
		AB36C62D19D6074500B77B83 /* NSDictionary+MTLManipulationAdditions.m in Sources */ = {isa = PBXBuildFile; fileRef = AB36C61A19D6074500B77B83 /* NSDictionary+MTLManipulationAdditions.m */; };
		AB36C62E19D6074500B77B83 /* NSError+MTLModelException.m in Sources */ = {isa = PBXBuildFile; fileRef = AB36C61C19D6074500B77B83 /* NSError+MTLModelException.m */; };
		AB36C62F19D6074500B77B83 /* NSObject+MTLComparisonAdditions.m in Sources */ = {isa = PBXBuildFile; fileRef = AB36C61E19D6074500B77B83 /* NSObject+MTLComparisonAdditions.m */; };
		AB36C63019D6074500B77B83 /* NSValueTransformer+MTLInversionAdditions.m in Sources */ = {isa = PBXBuildFile; fileRef = AB36C62019D6074500B77B83 /* NSValueTransformer+MTLInversionAdditions.m */; };
		AB36C63119D6074500B77B83 /* NSValueTransformer+MTLPredefinedTransformerAdditions.m in Sources */ = {isa = PBXBuildFile; fileRef = AB36C62219D6074500B77B83 /* NSValueTransformer+MTLPredefinedTransformerAdditions.m */; };
		AB36C63419D60BBB00B77B83 /* Inaugurador.m in Sources */ = {isa = PBXBuildFile; fileRef = AB36C63319D60BBB00B77B83 /* Inaugurador.m */; };
		AB36C63A19D62BA200B77B83 /* Impacto.m in Sources */ = {isa = PBXBuildFile; fileRef = AB36C63919D62BA200B77B83 /* Impacto.m */; };
		AB36C63D19D635F200B77B83 /* Clasificacion.m in Sources */ = {isa = PBXBuildFile; fileRef = AB36C63C19D635F200B77B83 /* Clasificacion.m */; };
		AB36C64219D663E700B77B83 /* NSObject+RMArchivable.m in Sources */ = {isa = PBXBuildFile; fileRef = AB36C63F19D663E700B77B83 /* NSObject+RMArchivable.m */; };
		AB36C64319D663E700B77B83 /* NSUserDefaults+RMSaveCustomObject.m in Sources */ = {isa = PBXBuildFile; fileRef = AB36C64119D663E700B77B83 /* NSUserDefaults+RMSaveCustomObject.m */; };
		AB36C64719D6671600B77B83 /* RMMapper.m in Sources */ = {isa = PBXBuildFile; fileRef = AB36C64619D6671600B77B83 /* RMMapper.m */; };
		AB36C64A19D667C800B77B83 /* TipoObraPrograma.m in Sources */ = {isa = PBXBuildFile; fileRef = AB36C64919D667C800B77B83 /* TipoObraPrograma.m */; };
		AB5004A819E20C7F003392E8 /* ObraProgramaCell.m in Sources */ = {isa = PBXBuildFile; fileRef = AB5004A719E20C7F003392E8 /* ObraProgramaCell.m */; };
		AB91254B19D4B68B00151A47 /* Constants.m in Sources */ = {isa = PBXBuildFile; fileRef = AB91254A19D4B68B00151A47 /* Constants.m */; };
		AB91254E19D4CB1C00151A47 /* Obra.m in Sources */ = {isa = PBXBuildFile; fileRef = AB91254D19D4CB1C00151A47 /* Obra.m */; };
		AB91255119D4CB2600151A47 /* Programa.m in Sources */ = {isa = PBXBuildFile; fileRef = AB91255019D4CB2600151A47 /* Programa.m */; };
		AB91255419D4CCBA00151A47 /* Consulta.m in Sources */ = {isa = PBXBuildFile; fileRef = AB91255319D4CCBA00151A47 /* Consulta.m */; };
		AB97C9EB19D54A270049DD51 /* JSONHTTPClient.m in Sources */ = {isa = PBXBuildFile; fileRef = AB97C9EA19D54A270049DD51 /* JSONHTTPClient.m */; };
		AB97C9F119D5D4F00049DD51 /* Estado.m in Sources */ = {isa = PBXBuildFile; fileRef = AB97C9F019D5D4F00049DD51 /* Estado.m */; };
		AB9E738119CBCD5700C16E66 /* UIERealTimeBlurView.m in Sources */ = {isa = PBXBuildFile; fileRef = AB9E737E19CBCD5700C16E66 /* UIERealTimeBlurView.m */; };
		AB9E738219CBCD5700C16E66 /* UIImage+BoxBlur.m in Sources */ = {isa = PBXBuildFile; fileRef = AB9E738019CBCD5700C16E66 /* UIImage+BoxBlur.m */; };
		AB9E738419CBDD4F00C16E66 /* logo_sct.png in Resources */ = {isa = PBXBuildFile; fileRef = AB9E738319CBDD4F00C16E66 /* logo_sct.png */; };
		AB9E738719CBDFDA00C16E66 /* PopupListTableViewController.m in Sources */ = {isa = PBXBuildFile; fileRef = AB9E738619CBDFDA00C16E66 /* PopupListTableViewController.m */; };
		ABBE071519E123A200F1BFFC /* Inversion.m in Sources */ = {isa = PBXBuildFile; fileRef = ABBE071419E123A200F1BFFC /* Inversion.m */; };
		ABCFFFEF19D93C15002124B5 /* Dependencia.m in Sources */ = {isa = PBXBuildFile; fileRef = ABCFFFEE19D93C15002124B5 /* Dependencia.m */; };
		ABCFFFF919D9474D002124B5 /* M13ProgressHUD.m in Sources */ = {isa = PBXBuildFile; fileRef = ABCFFFF219D9474D002124B5 /* M13ProgressHUD.m */; };
		ABCFFFFA19D9474D002124B5 /* M13ProgressView.m in Sources */ = {isa = PBXBuildFile; fileRef = ABCFFFF419D9474D002124B5 /* M13ProgressView.m */; };
		ABCFFFFB19D9474D002124B5 /* M13ProgressViewRing.m in Sources */ = {isa = PBXBuildFile; fileRef = ABCFFFF619D9474D002124B5 /* M13ProgressViewRing.m */; };
		ABCFFFFC19D9474D002124B5 /* UIImage+ImageEffects.m in Sources */ = {isa = PBXBuildFile; fileRef = ABCFFFF819D9474D002124B5 /* UIImage+ImageEffects.m */; };
		ABE1582619E075C90004F691 /* UIColor+Colores.m in Sources */ = {isa = PBXBuildFile; fileRef = ABE1582519E075C90004F691 /* UIColor+Colores.m */; };
		ABE1584419E104C80004F691 /* NSDate+Helpers.m in Sources */ = {isa = PBXBuildFile; fileRef = ABE1582B19E104C80004F691 /* NSDate+Helpers.m */; };
		ABE1584519E104C80004F691 /* PMCalendarBackgroundView.m in Sources */ = {isa = PBXBuildFile; fileRef = ABE1582D19E104C80004F691 /* PMCalendarBackgroundView.m */; };
		ABE1584619E104C80004F691 /* PMCalendarController.m in Sources */ = {isa = PBXBuildFile; fileRef = ABE1583019E104C80004F691 /* PMCalendarController.m */; };
		ABE1584719E104C80004F691 /* PMCalendarView.m in Sources */ = {isa = PBXBuildFile; fileRef = ABE1583319E104C80004F691 /* PMCalendarView.m */; };
		ABE1584819E104C80004F691 /* PMDimmingView.m in Sources */ = {isa = PBXBuildFile; fileRef = ABE1583519E104C80004F691 /* PMDimmingView.m */; };
		ABE1584919E104C80004F691 /* PMPeriod.m in Sources */ = {isa = PBXBuildFile; fileRef = ABE1583719E104C80004F691 /* PMPeriod.m */; };
		ABE1584A19E104C80004F691 /* PMSelectionView.m in Sources */ = {isa = PBXBuildFile; fileRef = ABE1583919E104C80004F691 /* PMSelectionView.m */; };
		ABE1584B19E104C80004F691 /* PMThemeEngine.m in Sources */ = {isa = PBXBuildFile; fileRef = ABE1583C19E104C80004F691 /* PMThemeEngine.m */; };
		ABE1584C19E104C80004F691 /* PMThemeShadow.m in Sources */ = {isa = PBXBuildFile; fileRef = ABE1583E19E104C80004F691 /* PMThemeShadow.m */; };
		ABE1584D19E104C80004F691 /* apple calendar.plist in Resources */ = {isa = PBXBuildFile; fileRef = ABE1584019E104C80004F691 /* apple calendar.plist */; };
		ABE1584E19E104C80004F691 /* background.png in Resources */ = {isa = PBXBuildFile; fileRef = ABE1584119E104C80004F691 /* background.png */; };
		ABE1584F19E104C80004F691 /* background@2x.png in Resources */ = {isa = PBXBuildFile; fileRef = ABE1584219E104C80004F691 /* background@2x.png */; };
		ABE1585019E104C80004F691 /* default.plist in Resources */ = {isa = PBXBuildFile; fileRef = ABE1584319E104C80004F691 /* default.plist */; };
		ABFCC45C19C2DB530074CA01 /* main.m in Sources */ = {isa = PBXBuildFile; fileRef = ABFCC45B19C2DB530074CA01 /* main.m */; };
		ABFCC46519C2DB530074CA01 /* Main.storyboard in Resources */ = {isa = PBXBuildFile; fileRef = ABFCC46319C2DB530074CA01 /* Main.storyboard */; };
		ABFCC46719C2DB530074CA01 /* Images.xcassets in Resources */ = {isa = PBXBuildFile; fileRef = ABFCC46619C2DB530074CA01 /* Images.xcassets */; };
		ABFCC46A19C2DB530074CA01 /* LaunchScreen.xib in Resources */ = {isa = PBXBuildFile; fileRef = ABFCC46819C2DB530074CA01 /* LaunchScreen.xib */; };
		ABFCC47619C2DB530074CA01 /* Obras_ProgramasTests.m in Sources */ = {isa = PBXBuildFile; fileRef = ABFCC47519C2DB530074CA01 /* Obras_ProgramasTests.m */; };
		ABFCC4E419C2DDA10074CA01 /* AppDelegate.m in Sources */ = {isa = PBXBuildFile; fileRef = ABFCC48419C2DDA10074CA01 /* AppDelegate.m */; };
		ABFCC4E519C2DDA10074CA01 /* AFHTTPRequestOperation.m in Sources */ = {isa = PBXBuildFile; fileRef = ABFCC48919C2DDA10074CA01 /* AFHTTPRequestOperation.m */; };
		ABFCC4E619C2DDA10074CA01 /* AFHTTPRequestOperationManager.m in Sources */ = {isa = PBXBuildFile; fileRef = ABFCC48B19C2DDA10074CA01 /* AFHTTPRequestOperationManager.m */; };
		ABFCC4E719C2DDA10074CA01 /* AFHTTPSessionManager.m in Sources */ = {isa = PBXBuildFile; fileRef = ABFCC48D19C2DDA10074CA01 /* AFHTTPSessionManager.m */; };
		ABFCC4E819C2DDA10074CA01 /* AFNetworkReachabilityManager.m in Sources */ = {isa = PBXBuildFile; fileRef = ABFCC49019C2DDA10074CA01 /* AFNetworkReachabilityManager.m */; };
		ABFCC4E919C2DDA10074CA01 /* AFSecurityPolicy.m in Sources */ = {isa = PBXBuildFile; fileRef = ABFCC49219C2DDA10074CA01 /* AFSecurityPolicy.m */; };
		ABFCC4EA19C2DDA10074CA01 /* AFURLConnectionOperation.m in Sources */ = {isa = PBXBuildFile; fileRef = ABFCC49419C2DDA10074CA01 /* AFURLConnectionOperation.m */; };
		ABFCC4EB19C2DDA10074CA01 /* AFURLRequestSerialization.m in Sources */ = {isa = PBXBuildFile; fileRef = ABFCC49619C2DDA10074CA01 /* AFURLRequestSerialization.m */; };
		ABFCC4EC19C2DDA10074CA01 /* AFURLResponseSerialization.m in Sources */ = {isa = PBXBuildFile; fileRef = ABFCC49819C2DDA10074CA01 /* AFURLResponseSerialization.m */; };
		ABFCC4ED19C2DDA10074CA01 /* AFURLSessionManager.m in Sources */ = {isa = PBXBuildFile; fileRef = ABFCC49A19C2DDA10074CA01 /* AFURLSessionManager.m */; };
		ABFCC4EE19C2DDA10074CA01 /* AFNetworkActivityIndicatorManager.m in Sources */ = {isa = PBXBuildFile; fileRef = ABFCC49D19C2DDA10074CA01 /* AFNetworkActivityIndicatorManager.m */; };
		ABFCC4EF19C2DDA10074CA01 /* UIActivityIndicatorView+AFNetworking.m in Sources */ = {isa = PBXBuildFile; fileRef = ABFCC49F19C2DDA10074CA01 /* UIActivityIndicatorView+AFNetworking.m */; };
		ABFCC4F019C2DDA10074CA01 /* UIAlertView+AFNetworking.m in Sources */ = {isa = PBXBuildFile; fileRef = ABFCC4A119C2DDA10074CA01 /* UIAlertView+AFNetworking.m */; };
		ABFCC4F119C2DDA10074CA01 /* UIButton+AFNetworking.m in Sources */ = {isa = PBXBuildFile; fileRef = ABFCC4A319C2DDA10074CA01 /* UIButton+AFNetworking.m */; };
		ABFCC4F219C2DDA10074CA01 /* UIImageView+AFNetworking.m in Sources */ = {isa = PBXBuildFile; fileRef = ABFCC4A519C2DDA10074CA01 /* UIImageView+AFNetworking.m */; };
		ABFCC4F319C2DDA10074CA01 /* UIProgressView+AFNetworking.m in Sources */ = {isa = PBXBuildFile; fileRef = ABFCC4A819C2DDA10074CA01 /* UIProgressView+AFNetworking.m */; };
		ABFCC4F419C2DDA10074CA01 /* UIRefreshControl+AFNetworking.m in Sources */ = {isa = PBXBuildFile; fileRef = ABFCC4AA19C2DDA10074CA01 /* UIRefreshControl+AFNetworking.m */; };
		ABFCC4F519C2DDA10074CA01 /* UIWebView+AFNetworking.m in Sources */ = {isa = PBXBuildFile; fileRef = ABFCC4AC19C2DDA10074CA01 /* UIWebView+AFNetworking.m */; };
		ABFCC4F619C2DDA10074CA01 /* SIAlertView.bundle in Resources */ = {isa = PBXBuildFile; fileRef = ABFCC4AE19C2DDA10074CA01 /* SIAlertView.bundle */; };
		ABFCC4F719C2DDA10074CA01 /* SIAlertView.m in Sources */ = {isa = PBXBuildFile; fileRef = ABFCC4B019C2DDA10074CA01 /* SIAlertView.m */; };
		ABFCC4F819C2DDA10074CA01 /* UIWindow+SIUtils.m in Sources */ = {isa = PBXBuildFile; fileRef = ABFCC4B219C2DDA10074CA01 /* UIWindow+SIUtils.m */; };
		ABFCC4F919C2DDA10074CA01 /* TPKeyboardAvoidingCollectionView.m in Sources */ = {isa = PBXBuildFile; fileRef = ABFCC4B519C2DDA10074CA01 /* TPKeyboardAvoidingCollectionView.m */; };
		ABFCC4FA19C2DDA10074CA01 /* TPKeyboardAvoidingScrollView.m in Sources */ = {isa = PBXBuildFile; fileRef = ABFCC4B719C2DDA10074CA01 /* TPKeyboardAvoidingScrollView.m */; };
		ABFCC4FB19C2DDA10074CA01 /* TPKeyboardAvoidingTableView.m in Sources */ = {isa = PBXBuildFile; fileRef = ABFCC4B919C2DDA10074CA01 /* TPKeyboardAvoidingTableView.m */; };
		ABFCC4FC19C2DDA10074CA01 /* UIScrollView+TPKeyboardAvoidingAdditions.m in Sources */ = {isa = PBXBuildFile; fileRef = ABFCC4BB19C2DDA10074CA01 /* UIScrollView+TPKeyboardAvoidingAdditions.m */; };
		ABFCC4FD19C2DDA10074CA01 /* TSMessage.m in Sources */ = {isa = PBXBuildFile; fileRef = ABFCC4BF19C2DDA10074CA01 /* TSMessage.m */; };
		ABFCC4FE19C2DDA10074CA01 /* HexColor.m in Sources */ = {isa = PBXBuildFile; fileRef = ABFCC4C219C2DDA10074CA01 /* HexColor.m */; };
		ABFCC4FF19C2DDA10074CA01 /* NotificationBackgroundError.png in Resources */ = {isa = PBXBuildFile; fileRef = ABFCC4C519C2DDA10074CA01 /* NotificationBackgroundError.png */; };
		ABFCC50019C2DDA10074CA01 /* NotificationBackgroundError@2x.png in Resources */ = {isa = PBXBuildFile; fileRef = ABFCC4C619C2DDA10074CA01 /* NotificationBackgroundError@2x.png */; };
		ABFCC50119C2DDA10074CA01 /* NotificationBackgroundErrorIcon.png in Resources */ = {isa = PBXBuildFile; fileRef = ABFCC4C719C2DDA10074CA01 /* NotificationBackgroundErrorIcon.png */; };
		ABFCC50219C2DDA10074CA01 /* NotificationBackgroundErrorIcon@2x.png in Resources */ = {isa = PBXBuildFile; fileRef = ABFCC4C819C2DDA10074CA01 /* NotificationBackgroundErrorIcon@2x.png */; };
		ABFCC50319C2DDA10074CA01 /* NotificationBackgroundMessage.png in Resources */ = {isa = PBXBuildFile; fileRef = ABFCC4C919C2DDA10074CA01 /* NotificationBackgroundMessage.png */; };
		ABFCC50419C2DDA10074CA01 /* NotificationBackgroundMessage@2x.png in Resources */ = {isa = PBXBuildFile; fileRef = ABFCC4CA19C2DDA10074CA01 /* NotificationBackgroundMessage@2x.png */; };
		ABFCC50519C2DDA10074CA01 /* NotificationBackgroundSuccess.png in Resources */ = {isa = PBXBuildFile; fileRef = ABFCC4CB19C2DDA10074CA01 /* NotificationBackgroundSuccess.png */; };
		ABFCC50619C2DDA10074CA01 /* NotificationBackgroundSuccess@2x.png in Resources */ = {isa = PBXBuildFile; fileRef = ABFCC4CC19C2DDA10074CA01 /* NotificationBackgroundSuccess@2x.png */; };
		ABFCC50719C2DDA10074CA01 /* NotificationBackgroundSuccessIcon.png in Resources */ = {isa = PBXBuildFile; fileRef = ABFCC4CD19C2DDA10074CA01 /* NotificationBackgroundSuccessIcon.png */; };
		ABFCC50819C2DDA10074CA01 /* NotificationBackgroundSuccessIcon@2x.png in Resources */ = {isa = PBXBuildFile; fileRef = ABFCC4CE19C2DDA10074CA01 /* NotificationBackgroundSuccessIcon@2x.png */; };
		ABFCC50919C2DDA10074CA01 /* NotificationBackgroundWarning.png in Resources */ = {isa = PBXBuildFile; fileRef = ABFCC4CF19C2DDA10074CA01 /* NotificationBackgroundWarning.png */; };
		ABFCC50A19C2DDA10074CA01 /* NotificationBackgroundWarning@2x.png in Resources */ = {isa = PBXBuildFile; fileRef = ABFCC4D019C2DDA10074CA01 /* NotificationBackgroundWarning@2x.png */; };
		ABFCC50B19C2DDA10074CA01 /* NotificationBackgroundWarningIcon.png in Resources */ = {isa = PBXBuildFile; fileRef = ABFCC4D119C2DDA10074CA01 /* NotificationBackgroundWarningIcon.png */; };
		ABFCC50C19C2DDA10074CA01 /* NotificationBackgroundWarningIcon@2x.png in Resources */ = {isa = PBXBuildFile; fileRef = ABFCC4D219C2DDA10074CA01 /* NotificationBackgroundWarningIcon@2x.png */; };
		ABFCC50D19C2DDA10074CA01 /* NotificationButtonBackground.png in Resources */ = {isa = PBXBuildFile; fileRef = ABFCC4D319C2DDA10074CA01 /* NotificationButtonBackground.png */; };
		ABFCC50E19C2DDA10074CA01 /* NotificationButtonBackground@2x.png in Resources */ = {isa = PBXBuildFile; fileRef = ABFCC4D419C2DDA10074CA01 /* NotificationButtonBackground@2x.png */; };
		ABFCC50F19C2DDA10074CA01 /* TSMessagesDefaultDesign.json in Resources */ = {isa = PBXBuildFile; fileRef = ABFCC4D519C2DDA10074CA01 /* TSMessagesDefaultDesign.json */; };
		ABFCC51019C2DDA10074CA01 /* TSBlurView.m in Sources */ = {isa = PBXBuildFile; fileRef = ABFCC4D819C2DDA10074CA01 /* TSBlurView.m */; };
		ABFCC51119C2DDA10074CA01 /* TSMessageView.m in Sources */ = {isa = PBXBuildFile; fileRef = ABFCC4DA19C2DDA10074CA01 /* TSMessageView.m */; };
		ABFCC51519C2DE450074CA01 /* Offline.m in Sources */ = {isa = PBXBuildFile; fileRef = ABFCC51419C2DE450074CA01 /* Offline.m */; };
		ABFCC51819C2E0460074CA01 /* libsqlite3.0.dylib in Frameworks */ = {isa = PBXBuildFile; fileRef = ABFCC51719C2E0460074CA01 /* libsqlite3.0.dylib */; };
		ABFCC54E19C2E43F0074CA01 /* MainViewController.m in Sources */ = {isa = PBXBuildFile; fileRef = ABFCC54D19C2E43F0074CA01 /* MainViewController.m */; };
		ABFCC55019C2E5990074CA01 /* MapKit.framework in Frameworks */ = {isa = PBXBuildFile; fileRef = ABFCC54F19C2E5990074CA01 /* MapKit.framework */; };
/* End PBXBuildFile section */

/* Begin PBXContainerItemProxy section */
		ABFCC47019C2DB530074CA01 /* PBXContainerItemProxy */ = {
			isa = PBXContainerItemProxy;
			containerPortal = ABFCC44E19C2DB530074CA01 /* Project object */;
			proxyType = 1;
			remoteGlobalIDString = ABFCC45519C2DB530074CA01;
			remoteInfo = "Obras-Programas";
		};
/* End PBXContainerItemProxy section */

/* Begin PBXFileReference section */
		AB36C60219D6074500B77B83 /* EXTKeyPathCoding.h */ = {isa = PBXFileReference; fileEncoding = 4; lastKnownFileType = sourcecode.c.h; path = EXTKeyPathCoding.h; sourceTree = "<group>"; };
		AB36C60319D6074500B77B83 /* EXTRuntimeExtensions.h */ = {isa = PBXFileReference; fileEncoding = 4; lastKnownFileType = sourcecode.c.h; path = EXTRuntimeExtensions.h; sourceTree = "<group>"; };
		AB36C60419D6074500B77B83 /* EXTRuntimeExtensions.m */ = {isa = PBXFileReference; fileEncoding = 4; lastKnownFileType = sourcecode.c.objc; path = EXTRuntimeExtensions.m; sourceTree = "<group>"; };
		AB36C60519D6074500B77B83 /* EXTScope.h */ = {isa = PBXFileReference; fileEncoding = 4; lastKnownFileType = sourcecode.c.h; path = EXTScope.h; sourceTree = "<group>"; };
		AB36C60619D6074500B77B83 /* EXTScope.m */ = {isa = PBXFileReference; fileEncoding = 4; lastKnownFileType = sourcecode.c.objc; path = EXTScope.m; sourceTree = "<group>"; };
		AB36C60719D6074500B77B83 /* metamacros.h */ = {isa = PBXFileReference; fileEncoding = 4; lastKnownFileType = sourcecode.c.h; path = metamacros.h; sourceTree = "<group>"; };
		AB36C60819D6074500B77B83 /* Mantle-Info.plist */ = {isa = PBXFileReference; fileEncoding = 4; lastKnownFileType = text.plist.xml; path = "Mantle-Info.plist"; sourceTree = "<group>"; };
		AB36C60919D6074500B77B83 /* Mantle-Prefix.pch */ = {isa = PBXFileReference; fileEncoding = 4; lastKnownFileType = sourcecode.c.h; path = "Mantle-Prefix.pch"; sourceTree = "<group>"; };
		AB36C60A19D6074500B77B83 /* Mantle.h */ = {isa = PBXFileReference; fileEncoding = 4; lastKnownFileType = sourcecode.c.h; path = Mantle.h; sourceTree = "<group>"; };
		AB36C60B19D6074500B77B83 /* MTLJSONAdapter.h */ = {isa = PBXFileReference; fileEncoding = 4; lastKnownFileType = sourcecode.c.h; path = MTLJSONAdapter.h; sourceTree = "<group>"; };
		AB36C60C19D6074500B77B83 /* MTLJSONAdapter.m */ = {isa = PBXFileReference; fileEncoding = 4; lastKnownFileType = sourcecode.c.objc; path = MTLJSONAdapter.m; sourceTree = "<group>"; };
		AB36C60D19D6074500B77B83 /* MTLManagedObjectAdapter.h */ = {isa = PBXFileReference; fileEncoding = 4; lastKnownFileType = sourcecode.c.h; path = MTLManagedObjectAdapter.h; sourceTree = "<group>"; };
		AB36C60E19D6074500B77B83 /* MTLManagedObjectAdapter.m */ = {isa = PBXFileReference; fileEncoding = 4; lastKnownFileType = sourcecode.c.objc; path = MTLManagedObjectAdapter.m; sourceTree = "<group>"; };
		AB36C60F19D6074500B77B83 /* MTLModel+NSCoding.h */ = {isa = PBXFileReference; fileEncoding = 4; lastKnownFileType = sourcecode.c.h; path = "MTLModel+NSCoding.h"; sourceTree = "<group>"; };
		AB36C61019D6074500B77B83 /* MTLModel+NSCoding.m */ = {isa = PBXFileReference; fileEncoding = 4; lastKnownFileType = sourcecode.c.objc; path = "MTLModel+NSCoding.m"; sourceTree = "<group>"; };
		AB36C61119D6074500B77B83 /* MTLModel.h */ = {isa = PBXFileReference; fileEncoding = 4; lastKnownFileType = sourcecode.c.h; path = MTLModel.h; sourceTree = "<group>"; };
		AB36C61219D6074500B77B83 /* MTLModel.m */ = {isa = PBXFileReference; fileEncoding = 4; lastKnownFileType = sourcecode.c.objc; path = MTLModel.m; sourceTree = "<group>"; };
		AB36C61319D6074500B77B83 /* MTLReflection.h */ = {isa = PBXFileReference; fileEncoding = 4; lastKnownFileType = sourcecode.c.h; path = MTLReflection.h; sourceTree = "<group>"; };
		AB36C61419D6074500B77B83 /* MTLReflection.m */ = {isa = PBXFileReference; fileEncoding = 4; lastKnownFileType = sourcecode.c.objc; path = MTLReflection.m; sourceTree = "<group>"; };
		AB36C61519D6074500B77B83 /* MTLValueTransformer.h */ = {isa = PBXFileReference; fileEncoding = 4; lastKnownFileType = sourcecode.c.h; path = MTLValueTransformer.h; sourceTree = "<group>"; };
		AB36C61619D6074500B77B83 /* MTLValueTransformer.m */ = {isa = PBXFileReference; fileEncoding = 4; lastKnownFileType = sourcecode.c.objc; path = MTLValueTransformer.m; sourceTree = "<group>"; };
		AB36C61719D6074500B77B83 /* NSArray+MTLManipulationAdditions.h */ = {isa = PBXFileReference; fileEncoding = 4; lastKnownFileType = sourcecode.c.h; path = "NSArray+MTLManipulationAdditions.h"; sourceTree = "<group>"; };
		AB36C61819D6074500B77B83 /* NSArray+MTLManipulationAdditions.m */ = {isa = PBXFileReference; fileEncoding = 4; lastKnownFileType = sourcecode.c.objc; path = "NSArray+MTLManipulationAdditions.m"; sourceTree = "<group>"; };
		AB36C61919D6074500B77B83 /* NSDictionary+MTLManipulationAdditions.h */ = {isa = PBXFileReference; fileEncoding = 4; lastKnownFileType = sourcecode.c.h; path = "NSDictionary+MTLManipulationAdditions.h"; sourceTree = "<group>"; };
		AB36C61A19D6074500B77B83 /* NSDictionary+MTLManipulationAdditions.m */ = {isa = PBXFileReference; fileEncoding = 4; lastKnownFileType = sourcecode.c.objc; path = "NSDictionary+MTLManipulationAdditions.m"; sourceTree = "<group>"; };
		AB36C61B19D6074500B77B83 /* NSError+MTLModelException.h */ = {isa = PBXFileReference; fileEncoding = 4; lastKnownFileType = sourcecode.c.h; path = "NSError+MTLModelException.h"; sourceTree = "<group>"; };
		AB36C61C19D6074500B77B83 /* NSError+MTLModelException.m */ = {isa = PBXFileReference; fileEncoding = 4; lastKnownFileType = sourcecode.c.objc; path = "NSError+MTLModelException.m"; sourceTree = "<group>"; };
		AB36C61D19D6074500B77B83 /* NSObject+MTLComparisonAdditions.h */ = {isa = PBXFileReference; fileEncoding = 4; lastKnownFileType = sourcecode.c.h; path = "NSObject+MTLComparisonAdditions.h"; sourceTree = "<group>"; };
		AB36C61E19D6074500B77B83 /* NSObject+MTLComparisonAdditions.m */ = {isa = PBXFileReference; fileEncoding = 4; lastKnownFileType = sourcecode.c.objc; path = "NSObject+MTLComparisonAdditions.m"; sourceTree = "<group>"; };
		AB36C61F19D6074500B77B83 /* NSValueTransformer+MTLInversionAdditions.h */ = {isa = PBXFileReference; fileEncoding = 4; lastKnownFileType = sourcecode.c.h; path = "NSValueTransformer+MTLInversionAdditions.h"; sourceTree = "<group>"; };
		AB36C62019D6074500B77B83 /* NSValueTransformer+MTLInversionAdditions.m */ = {isa = PBXFileReference; fileEncoding = 4; lastKnownFileType = sourcecode.c.objc; path = "NSValueTransformer+MTLInversionAdditions.m"; sourceTree = "<group>"; };
		AB36C62119D6074500B77B83 /* NSValueTransformer+MTLPredefinedTransformerAdditions.h */ = {isa = PBXFileReference; fileEncoding = 4; lastKnownFileType = sourcecode.c.h; path = "NSValueTransformer+MTLPredefinedTransformerAdditions.h"; sourceTree = "<group>"; };
		AB36C62219D6074500B77B83 /* NSValueTransformer+MTLPredefinedTransformerAdditions.m */ = {isa = PBXFileReference; fileEncoding = 4; lastKnownFileType = sourcecode.c.objc; path = "NSValueTransformer+MTLPredefinedTransformerAdditions.m"; sourceTree = "<group>"; };
		AB36C63219D60BBB00B77B83 /* Inaugurador.h */ = {isa = PBXFileReference; fileEncoding = 4; lastKnownFileType = sourcecode.c.h; path = Inaugurador.h; sourceTree = "<group>"; };
		AB36C63319D60BBB00B77B83 /* Inaugurador.m */ = {isa = PBXFileReference; fileEncoding = 4; lastKnownFileType = sourcecode.c.objc; path = Inaugurador.m; sourceTree = "<group>"; };
		AB36C63819D62BA200B77B83 /* Impacto.h */ = {isa = PBXFileReference; fileEncoding = 4; lastKnownFileType = sourcecode.c.h; path = Impacto.h; sourceTree = "<group>"; };
		AB36C63919D62BA200B77B83 /* Impacto.m */ = {isa = PBXFileReference; fileEncoding = 4; lastKnownFileType = sourcecode.c.objc; path = Impacto.m; sourceTree = "<group>"; };
		AB36C63B19D635F200B77B83 /* Clasificacion.h */ = {isa = PBXFileReference; fileEncoding = 4; lastKnownFileType = sourcecode.c.h; path = Clasificacion.h; sourceTree = "<group>"; };
		AB36C63C19D635F200B77B83 /* Clasificacion.m */ = {isa = PBXFileReference; fileEncoding = 4; lastKnownFileType = sourcecode.c.objc; path = Clasificacion.m; sourceTree = "<group>"; };
		AB36C63E19D663E700B77B83 /* NSObject+RMArchivable.h */ = {isa = PBXFileReference; fileEncoding = 4; lastKnownFileType = sourcecode.c.h; path = "NSObject+RMArchivable.h"; sourceTree = "<group>"; };
		AB36C63F19D663E700B77B83 /* NSObject+RMArchivable.m */ = {isa = PBXFileReference; fileEncoding = 4; lastKnownFileType = sourcecode.c.objc; path = "NSObject+RMArchivable.m"; sourceTree = "<group>"; };
		AB36C64019D663E700B77B83 /* NSUserDefaults+RMSaveCustomObject.h */ = {isa = PBXFileReference; fileEncoding = 4; lastKnownFileType = sourcecode.c.h; path = "NSUserDefaults+RMSaveCustomObject.h"; sourceTree = "<group>"; };
		AB36C64119D663E700B77B83 /* NSUserDefaults+RMSaveCustomObject.m */ = {isa = PBXFileReference; fileEncoding = 4; lastKnownFileType = sourcecode.c.objc; path = "NSUserDefaults+RMSaveCustomObject.m"; sourceTree = "<group>"; };
		AB36C64519D6671600B77B83 /* RMMapper.h */ = {isa = PBXFileReference; fileEncoding = 4; lastKnownFileType = sourcecode.c.h; path = RMMapper.h; sourceTree = "<group>"; };
		AB36C64619D6671600B77B83 /* RMMapper.m */ = {isa = PBXFileReference; fileEncoding = 4; lastKnownFileType = sourcecode.c.objc; path = RMMapper.m; sourceTree = "<group>"; };
		AB36C64819D667C800B77B83 /* TipoObraPrograma.h */ = {isa = PBXFileReference; fileEncoding = 4; lastKnownFileType = sourcecode.c.h; path = TipoObraPrograma.h; sourceTree = "<group>"; };
		AB36C64919D667C800B77B83 /* TipoObraPrograma.m */ = {isa = PBXFileReference; fileEncoding = 4; lastKnownFileType = sourcecode.c.objc; path = TipoObraPrograma.m; sourceTree = "<group>"; };
		AB5004A619E20C7F003392E8 /* ObraProgramaCell.h */ = {isa = PBXFileReference; fileEncoding = 4; lastKnownFileType = sourcecode.c.h; path = ObraProgramaCell.h; sourceTree = "<group>"; };
		AB5004A719E20C7F003392E8 /* ObraProgramaCell.m */ = {isa = PBXFileReference; fileEncoding = 4; lastKnownFileType = sourcecode.c.objc; path = ObraProgramaCell.m; sourceTree = "<group>"; };
		AB91254919D4B68B00151A47 /* Constants.h */ = {isa = PBXFileReference; fileEncoding = 4; lastKnownFileType = sourcecode.c.h; path = Constants.h; sourceTree = "<group>"; };
		AB91254A19D4B68B00151A47 /* Constants.m */ = {isa = PBXFileReference; fileEncoding = 4; lastKnownFileType = sourcecode.c.objc; path = Constants.m; sourceTree = "<group>"; };
		AB91254C19D4CB1C00151A47 /* Obra.h */ = {isa = PBXFileReference; fileEncoding = 4; lastKnownFileType = sourcecode.c.h; path = Obra.h; sourceTree = "<group>"; };
		AB91254D19D4CB1C00151A47 /* Obra.m */ = {isa = PBXFileReference; fileEncoding = 4; lastKnownFileType = sourcecode.c.objc; path = Obra.m; sourceTree = "<group>"; };
		AB91254F19D4CB2600151A47 /* Programa.h */ = {isa = PBXFileReference; fileEncoding = 4; lastKnownFileType = sourcecode.c.h; path = Programa.h; sourceTree = "<group>"; };
		AB91255019D4CB2600151A47 /* Programa.m */ = {isa = PBXFileReference; fileEncoding = 4; lastKnownFileType = sourcecode.c.objc; path = Programa.m; sourceTree = "<group>"; };
		AB91255219D4CCBA00151A47 /* Consulta.h */ = {isa = PBXFileReference; fileEncoding = 4; lastKnownFileType = sourcecode.c.h; path = Consulta.h; sourceTree = "<group>"; };
		AB91255319D4CCBA00151A47 /* Consulta.m */ = {isa = PBXFileReference; fileEncoding = 4; lastKnownFileType = sourcecode.c.objc; path = Consulta.m; sourceTree = "<group>"; };
		AB97C9E919D54A270049DD51 /* JSONHTTPClient.h */ = {isa = PBXFileReference; fileEncoding = 4; lastKnownFileType = sourcecode.c.h; path = JSONHTTPClient.h; sourceTree = "<group>"; };
		AB97C9EA19D54A270049DD51 /* JSONHTTPClient.m */ = {isa = PBXFileReference; fileEncoding = 4; lastKnownFileType = sourcecode.c.objc; path = JSONHTTPClient.m; sourceTree = "<group>"; };
		AB97C9EF19D5D4F00049DD51 /* Estado.h */ = {isa = PBXFileReference; fileEncoding = 4; lastKnownFileType = sourcecode.c.h; path = Estado.h; sourceTree = "<group>"; };
		AB97C9F019D5D4F00049DD51 /* Estado.m */ = {isa = PBXFileReference; fileEncoding = 4; lastKnownFileType = sourcecode.c.objc; path = Estado.m; sourceTree = "<group>"; };
		AB9E737D19CBCD5700C16E66 /* UIERealTimeBlurView.h */ = {isa = PBXFileReference; fileEncoding = 4; lastKnownFileType = sourcecode.c.h; path = UIERealTimeBlurView.h; sourceTree = "<group>"; };
		AB9E737E19CBCD5700C16E66 /* UIERealTimeBlurView.m */ = {isa = PBXFileReference; fileEncoding = 4; lastKnownFileType = sourcecode.c.objc; path = UIERealTimeBlurView.m; sourceTree = "<group>"; };
		AB9E737F19CBCD5700C16E66 /* UIImage+BoxBlur.h */ = {isa = PBXFileReference; fileEncoding = 4; lastKnownFileType = sourcecode.c.h; path = "UIImage+BoxBlur.h"; sourceTree = "<group>"; };
		AB9E738019CBCD5700C16E66 /* UIImage+BoxBlur.m */ = {isa = PBXFileReference; fileEncoding = 4; lastKnownFileType = sourcecode.c.objc; path = "UIImage+BoxBlur.m"; sourceTree = "<group>"; };
		AB9E738319CBDD4F00C16E66 /* logo_sct.png */ = {isa = PBXFileReference; lastKnownFileType = image.png; path = logo_sct.png; sourceTree = "<group>"; };
		AB9E738519CBDFDA00C16E66 /* PopupListTableViewController.h */ = {isa = PBXFileReference; fileEncoding = 4; lastKnownFileType = sourcecode.c.h; path = PopupListTableViewController.h; sourceTree = "<group>"; };
		AB9E738619CBDFDA00C16E66 /* PopupListTableViewController.m */ = {isa = PBXFileReference; fileEncoding = 4; lastKnownFileType = sourcecode.c.objc; path = PopupListTableViewController.m; sourceTree = "<group>"; };
		ABBE071319E123A200F1BFFC /* Inversion.h */ = {isa = PBXFileReference; fileEncoding = 4; lastKnownFileType = sourcecode.c.h; path = Inversion.h; sourceTree = "<group>"; };
		ABBE071419E123A200F1BFFC /* Inversion.m */ = {isa = PBXFileReference; fileEncoding = 4; lastKnownFileType = sourcecode.c.objc; path = Inversion.m; sourceTree = "<group>"; };
		ABCFFFED19D93C15002124B5 /* Dependencia.h */ = {isa = PBXFileReference; fileEncoding = 4; lastKnownFileType = sourcecode.c.h; path = Dependencia.h; sourceTree = "<group>"; };
		ABCFFFEE19D93C15002124B5 /* Dependencia.m */ = {isa = PBXFileReference; fileEncoding = 4; lastKnownFileType = sourcecode.c.objc; path = Dependencia.m; sourceTree = "<group>"; };
		ABCFFFF119D9474D002124B5 /* M13ProgressHUD.h */ = {isa = PBXFileReference; fileEncoding = 4; lastKnownFileType = sourcecode.c.h; path = M13ProgressHUD.h; sourceTree = "<group>"; };
		ABCFFFF219D9474D002124B5 /* M13ProgressHUD.m */ = {isa = PBXFileReference; fileEncoding = 4; lastKnownFileType = sourcecode.c.objc; path = M13ProgressHUD.m; sourceTree = "<group>"; };
		ABCFFFF319D9474D002124B5 /* M13ProgressView.h */ = {isa = PBXFileReference; fileEncoding = 4; lastKnownFileType = sourcecode.c.h; path = M13ProgressView.h; sourceTree = "<group>"; };
		ABCFFFF419D9474D002124B5 /* M13ProgressView.m */ = {isa = PBXFileReference; fileEncoding = 4; lastKnownFileType = sourcecode.c.objc; path = M13ProgressView.m; sourceTree = "<group>"; };
		ABCFFFF519D9474D002124B5 /* M13ProgressViewRing.h */ = {isa = PBXFileReference; fileEncoding = 4; lastKnownFileType = sourcecode.c.h; path = M13ProgressViewRing.h; sourceTree = "<group>"; };
		ABCFFFF619D9474D002124B5 /* M13ProgressViewRing.m */ = {isa = PBXFileReference; fileEncoding = 4; lastKnownFileType = sourcecode.c.objc; path = M13ProgressViewRing.m; sourceTree = "<group>"; };
		ABCFFFF719D9474D002124B5 /* UIImage+ImageEffects.h */ = {isa = PBXFileReference; fileEncoding = 4; lastKnownFileType = sourcecode.c.h; path = "UIImage+ImageEffects.h"; sourceTree = "<group>"; };
		ABCFFFF819D9474D002124B5 /* UIImage+ImageEffects.m */ = {isa = PBXFileReference; fileEncoding = 4; lastKnownFileType = sourcecode.c.objc; path = "UIImage+ImageEffects.m"; sourceTree = "<group>"; };
		ABE1582419E075C90004F691 /* UIColor+Colores.h */ = {isa = PBXFileReference; fileEncoding = 4; lastKnownFileType = sourcecode.c.h; path = "UIColor+Colores.h"; sourceTree = "<group>"; };
		ABE1582519E075C90004F691 /* UIColor+Colores.m */ = {isa = PBXFileReference; fileEncoding = 4; lastKnownFileType = sourcecode.c.objc; path = "UIColor+Colores.m"; sourceTree = "<group>"; };
		ABE1582819E104C80004F691 /* PMCalendar.h */ = {isa = PBXFileReference; fileEncoding = 4; lastKnownFileType = sourcecode.c.h; path = PMCalendar.h; sourceTree = "<group>"; };
		ABE1582A19E104C80004F691 /* NSDate+Helpers.h */ = {isa = PBXFileReference; fileEncoding = 4; lastKnownFileType = sourcecode.c.h; path = "NSDate+Helpers.h"; sourceTree = "<group>"; };
		ABE1582B19E104C80004F691 /* NSDate+Helpers.m */ = {isa = PBXFileReference; fileEncoding = 4; lastKnownFileType = sourcecode.c.objc; path = "NSDate+Helpers.m"; sourceTree = "<group>"; };
		ABE1582C19E104C80004F691 /* PMCalendarBackgroundView.h */ = {isa = PBXFileReference; fileEncoding = 4; lastKnownFileType = sourcecode.c.h; path = PMCalendarBackgroundView.h; sourceTree = "<group>"; };
		ABE1582D19E104C80004F691 /* PMCalendarBackgroundView.m */ = {isa = PBXFileReference; fileEncoding = 4; lastKnownFileType = sourcecode.c.objc; path = PMCalendarBackgroundView.m; sourceTree = "<group>"; };
		ABE1582E19E104C80004F691 /* PMCalendarConstants.h */ = {isa = PBXFileReference; fileEncoding = 4; lastKnownFileType = sourcecode.c.h; path = PMCalendarConstants.h; sourceTree = "<group>"; };
		ABE1582F19E104C80004F691 /* PMCalendarController.h */ = {isa = PBXFileReference; fileEncoding = 4; lastKnownFileType = sourcecode.c.h; path = PMCalendarController.h; sourceTree = "<group>"; };
		ABE1583019E104C80004F691 /* PMCalendarController.m */ = {isa = PBXFileReference; fileEncoding = 4; lastKnownFileType = sourcecode.c.objc; path = PMCalendarController.m; sourceTree = "<group>"; };
		ABE1583119E104C80004F691 /* PMCalendarHelpers.h */ = {isa = PBXFileReference; fileEncoding = 4; lastKnownFileType = sourcecode.c.h; path = PMCalendarHelpers.h; sourceTree = "<group>"; };
		ABE1583219E104C80004F691 /* PMCalendarView.h */ = {isa = PBXFileReference; fileEncoding = 4; lastKnownFileType = sourcecode.c.h; path = PMCalendarView.h; sourceTree = "<group>"; };
		ABE1583319E104C80004F691 /* PMCalendarView.m */ = {isa = PBXFileReference; fileEncoding = 4; lastKnownFileType = sourcecode.c.objc; path = PMCalendarView.m; sourceTree = "<group>"; };
		ABE1583419E104C80004F691 /* PMDimmingView.h */ = {isa = PBXFileReference; fileEncoding = 4; lastKnownFileType = sourcecode.c.h; path = PMDimmingView.h; sourceTree = "<group>"; };
		ABE1583519E104C80004F691 /* PMDimmingView.m */ = {isa = PBXFileReference; fileEncoding = 4; lastKnownFileType = sourcecode.c.objc; path = PMDimmingView.m; sourceTree = "<group>"; };
		ABE1583619E104C80004F691 /* PMPeriod.h */ = {isa = PBXFileReference; fileEncoding = 4; lastKnownFileType = sourcecode.c.h; path = PMPeriod.h; sourceTree = "<group>"; };
		ABE1583719E104C80004F691 /* PMPeriod.m */ = {isa = PBXFileReference; fileEncoding = 4; lastKnownFileType = sourcecode.c.objc; path = PMPeriod.m; sourceTree = "<group>"; };
		ABE1583819E104C80004F691 /* PMSelectionView.h */ = {isa = PBXFileReference; fileEncoding = 4; lastKnownFileType = sourcecode.c.h; path = PMSelectionView.h; sourceTree = "<group>"; };
		ABE1583919E104C80004F691 /* PMSelectionView.m */ = {isa = PBXFileReference; fileEncoding = 4; lastKnownFileType = sourcecode.c.objc; path = PMSelectionView.m; sourceTree = "<group>"; };
		ABE1583A19E104C80004F691 /* PMTheme.h */ = {isa = PBXFileReference; fileEncoding = 4; lastKnownFileType = sourcecode.c.h; path = PMTheme.h; sourceTree = "<group>"; };
		ABE1583B19E104C80004F691 /* PMThemeEngine.h */ = {isa = PBXFileReference; fileEncoding = 4; lastKnownFileType = sourcecode.c.h; path = PMThemeEngine.h; sourceTree = "<group>"; };
		ABE1583C19E104C80004F691 /* PMThemeEngine.m */ = {isa = PBXFileReference; fileEncoding = 4; lastKnownFileType = sourcecode.c.objc; path = PMThemeEngine.m; sourceTree = "<group>"; };
		ABE1583D19E104C80004F691 /* PMThemeShadow.h */ = {isa = PBXFileReference; fileEncoding = 4; lastKnownFileType = sourcecode.c.h; path = PMThemeShadow.h; sourceTree = "<group>"; };
		ABE1583E19E104C80004F691 /* PMThemeShadow.m */ = {isa = PBXFileReference; fileEncoding = 4; lastKnownFileType = sourcecode.c.objc; path = PMThemeShadow.m; sourceTree = "<group>"; };
		ABE1584019E104C80004F691 /* apple calendar.plist */ = {isa = PBXFileReference; fileEncoding = 4; lastKnownFileType = text.plist.xml; path = "apple calendar.plist"; sourceTree = "<group>"; };
		ABE1584119E104C80004F691 /* background.png */ = {isa = PBXFileReference; lastKnownFileType = image.png; path = background.png; sourceTree = "<group>"; };
		ABE1584219E104C80004F691 /* background@2x.png */ = {isa = PBXFileReference; lastKnownFileType = image.png; path = "background@2x.png"; sourceTree = "<group>"; };
		ABE1584319E104C80004F691 /* default.plist */ = {isa = PBXFileReference; fileEncoding = 4; lastKnownFileType = text.plist.xml; path = default.plist; sourceTree = "<group>"; };
		ABFCC45619C2DB530074CA01 /* Obras-Programas.app */ = {isa = PBXFileReference; explicitFileType = wrapper.application; includeInIndex = 0; path = "Obras-Programas.app"; sourceTree = BUILT_PRODUCTS_DIR; };
		ABFCC45A19C2DB530074CA01 /* Info.plist */ = {isa = PBXFileReference; lastKnownFileType = text.plist.xml; path = Info.plist; sourceTree = "<group>"; };
		ABFCC45B19C2DB530074CA01 /* main.m */ = {isa = PBXFileReference; lastKnownFileType = sourcecode.c.objc; path = main.m; sourceTree = "<group>"; };
		ABFCC46419C2DB530074CA01 /* Base */ = {isa = PBXFileReference; lastKnownFileType = file.storyboard; name = Base; path = Base.lproj/Main.storyboard; sourceTree = "<group>"; };
		ABFCC46619C2DB530074CA01 /* Images.xcassets */ = {isa = PBXFileReference; lastKnownFileType = folder.assetcatalog; path = Images.xcassets; sourceTree = "<group>"; };
		ABFCC46919C2DB530074CA01 /* Base */ = {isa = PBXFileReference; lastKnownFileType = file.xib; name = Base; path = Base.lproj/LaunchScreen.xib; sourceTree = "<group>"; };
		ABFCC46F19C2DB530074CA01 /* Obras-ProgramasTests.xctest */ = {isa = PBXFileReference; explicitFileType = wrapper.cfbundle; includeInIndex = 0; path = "Obras-ProgramasTests.xctest"; sourceTree = BUILT_PRODUCTS_DIR; };
		ABFCC47419C2DB530074CA01 /* Info.plist */ = {isa = PBXFileReference; lastKnownFileType = text.plist.xml; path = Info.plist; sourceTree = "<group>"; };
		ABFCC47519C2DB530074CA01 /* Obras_ProgramasTests.m */ = {isa = PBXFileReference; lastKnownFileType = sourcecode.c.objc; path = Obras_ProgramasTests.m; sourceTree = "<group>"; };
		ABFCC48319C2DDA10074CA01 /* AppDelegate.h */ = {isa = PBXFileReference; fileEncoding = 4; lastKnownFileType = sourcecode.c.h; path = AppDelegate.h; sourceTree = "<group>"; };
		ABFCC48419C2DDA10074CA01 /* AppDelegate.m */ = {isa = PBXFileReference; fileEncoding = 4; lastKnownFileType = sourcecode.c.objc; path = AppDelegate.m; sourceTree = "<group>"; };
		ABFCC48819C2DDA10074CA01 /* AFHTTPRequestOperation.h */ = {isa = PBXFileReference; fileEncoding = 4; lastKnownFileType = sourcecode.c.h; path = AFHTTPRequestOperation.h; sourceTree = "<group>"; };
		ABFCC48919C2DDA10074CA01 /* AFHTTPRequestOperation.m */ = {isa = PBXFileReference; fileEncoding = 4; lastKnownFileType = sourcecode.c.objc; path = AFHTTPRequestOperation.m; sourceTree = "<group>"; };
		ABFCC48A19C2DDA10074CA01 /* AFHTTPRequestOperationManager.h */ = {isa = PBXFileReference; fileEncoding = 4; lastKnownFileType = sourcecode.c.h; path = AFHTTPRequestOperationManager.h; sourceTree = "<group>"; };
		ABFCC48B19C2DDA10074CA01 /* AFHTTPRequestOperationManager.m */ = {isa = PBXFileReference; fileEncoding = 4; lastKnownFileType = sourcecode.c.objc; path = AFHTTPRequestOperationManager.m; sourceTree = "<group>"; };
		ABFCC48C19C2DDA10074CA01 /* AFHTTPSessionManager.h */ = {isa = PBXFileReference; fileEncoding = 4; lastKnownFileType = sourcecode.c.h; path = AFHTTPSessionManager.h; sourceTree = "<group>"; };
		ABFCC48D19C2DDA10074CA01 /* AFHTTPSessionManager.m */ = {isa = PBXFileReference; fileEncoding = 4; lastKnownFileType = sourcecode.c.objc; path = AFHTTPSessionManager.m; sourceTree = "<group>"; };
		ABFCC48E19C2DDA10074CA01 /* AFNetworking.h */ = {isa = PBXFileReference; fileEncoding = 4; lastKnownFileType = sourcecode.c.h; path = AFNetworking.h; sourceTree = "<group>"; };
		ABFCC48F19C2DDA10074CA01 /* AFNetworkReachabilityManager.h */ = {isa = PBXFileReference; fileEncoding = 4; lastKnownFileType = sourcecode.c.h; path = AFNetworkReachabilityManager.h; sourceTree = "<group>"; };
		ABFCC49019C2DDA10074CA01 /* AFNetworkReachabilityManager.m */ = {isa = PBXFileReference; fileEncoding = 4; lastKnownFileType = sourcecode.c.objc; path = AFNetworkReachabilityManager.m; sourceTree = "<group>"; };
		ABFCC49119C2DDA10074CA01 /* AFSecurityPolicy.h */ = {isa = PBXFileReference; fileEncoding = 4; lastKnownFileType = sourcecode.c.h; path = AFSecurityPolicy.h; sourceTree = "<group>"; };
		ABFCC49219C2DDA10074CA01 /* AFSecurityPolicy.m */ = {isa = PBXFileReference; fileEncoding = 4; lastKnownFileType = sourcecode.c.objc; path = AFSecurityPolicy.m; sourceTree = "<group>"; };
		ABFCC49319C2DDA10074CA01 /* AFURLConnectionOperation.h */ = {isa = PBXFileReference; fileEncoding = 4; lastKnownFileType = sourcecode.c.h; path = AFURLConnectionOperation.h; sourceTree = "<group>"; };
		ABFCC49419C2DDA10074CA01 /* AFURLConnectionOperation.m */ = {isa = PBXFileReference; fileEncoding = 4; lastKnownFileType = sourcecode.c.objc; path = AFURLConnectionOperation.m; sourceTree = "<group>"; };
		ABFCC49519C2DDA10074CA01 /* AFURLRequestSerialization.h */ = {isa = PBXFileReference; fileEncoding = 4; lastKnownFileType = sourcecode.c.h; path = AFURLRequestSerialization.h; sourceTree = "<group>"; };
		ABFCC49619C2DDA10074CA01 /* AFURLRequestSerialization.m */ = {isa = PBXFileReference; fileEncoding = 4; lastKnownFileType = sourcecode.c.objc; path = AFURLRequestSerialization.m; sourceTree = "<group>"; };
		ABFCC49719C2DDA10074CA01 /* AFURLResponseSerialization.h */ = {isa = PBXFileReference; fileEncoding = 4; lastKnownFileType = sourcecode.c.h; path = AFURLResponseSerialization.h; sourceTree = "<group>"; };
		ABFCC49819C2DDA10074CA01 /* AFURLResponseSerialization.m */ = {isa = PBXFileReference; fileEncoding = 4; lastKnownFileType = sourcecode.c.objc; path = AFURLResponseSerialization.m; sourceTree = "<group>"; };
		ABFCC49919C2DDA10074CA01 /* AFURLSessionManager.h */ = {isa = PBXFileReference; fileEncoding = 4; lastKnownFileType = sourcecode.c.h; path = AFURLSessionManager.h; sourceTree = "<group>"; };
		ABFCC49A19C2DDA10074CA01 /* AFURLSessionManager.m */ = {isa = PBXFileReference; fileEncoding = 4; lastKnownFileType = sourcecode.c.objc; path = AFURLSessionManager.m; sourceTree = "<group>"; };
		ABFCC49C19C2DDA10074CA01 /* AFNetworkActivityIndicatorManager.h */ = {isa = PBXFileReference; fileEncoding = 4; lastKnownFileType = sourcecode.c.h; path = AFNetworkActivityIndicatorManager.h; sourceTree = "<group>"; };
		ABFCC49D19C2DDA10074CA01 /* AFNetworkActivityIndicatorManager.m */ = {isa = PBXFileReference; fileEncoding = 4; lastKnownFileType = sourcecode.c.objc; path = AFNetworkActivityIndicatorManager.m; sourceTree = "<group>"; };
		ABFCC49E19C2DDA10074CA01 /* UIActivityIndicatorView+AFNetworking.h */ = {isa = PBXFileReference; fileEncoding = 4; lastKnownFileType = sourcecode.c.h; path = "UIActivityIndicatorView+AFNetworking.h"; sourceTree = "<group>"; };
		ABFCC49F19C2DDA10074CA01 /* UIActivityIndicatorView+AFNetworking.m */ = {isa = PBXFileReference; fileEncoding = 4; lastKnownFileType = sourcecode.c.objc; path = "UIActivityIndicatorView+AFNetworking.m"; sourceTree = "<group>"; };
		ABFCC4A019C2DDA10074CA01 /* UIAlertView+AFNetworking.h */ = {isa = PBXFileReference; fileEncoding = 4; lastKnownFileType = sourcecode.c.h; path = "UIAlertView+AFNetworking.h"; sourceTree = "<group>"; };
		ABFCC4A119C2DDA10074CA01 /* UIAlertView+AFNetworking.m */ = {isa = PBXFileReference; fileEncoding = 4; lastKnownFileType = sourcecode.c.objc; path = "UIAlertView+AFNetworking.m"; sourceTree = "<group>"; };
		ABFCC4A219C2DDA10074CA01 /* UIButton+AFNetworking.h */ = {isa = PBXFileReference; fileEncoding = 4; lastKnownFileType = sourcecode.c.h; path = "UIButton+AFNetworking.h"; sourceTree = "<group>"; };
		ABFCC4A319C2DDA10074CA01 /* UIButton+AFNetworking.m */ = {isa = PBXFileReference; fileEncoding = 4; lastKnownFileType = sourcecode.c.objc; path = "UIButton+AFNetworking.m"; sourceTree = "<group>"; };
		ABFCC4A419C2DDA10074CA01 /* UIImageView+AFNetworking.h */ = {isa = PBXFileReference; fileEncoding = 4; lastKnownFileType = sourcecode.c.h; path = "UIImageView+AFNetworking.h"; sourceTree = "<group>"; };
		ABFCC4A519C2DDA10074CA01 /* UIImageView+AFNetworking.m */ = {isa = PBXFileReference; fileEncoding = 4; lastKnownFileType = sourcecode.c.objc; path = "UIImageView+AFNetworking.m"; sourceTree = "<group>"; };
		ABFCC4A619C2DDA10074CA01 /* UIKit+AFNetworking.h */ = {isa = PBXFileReference; fileEncoding = 4; lastKnownFileType = sourcecode.c.h; path = "UIKit+AFNetworking.h"; sourceTree = "<group>"; };
		ABFCC4A719C2DDA10074CA01 /* UIProgressView+AFNetworking.h */ = {isa = PBXFileReference; fileEncoding = 4; lastKnownFileType = sourcecode.c.h; path = "UIProgressView+AFNetworking.h"; sourceTree = "<group>"; };
		ABFCC4A819C2DDA10074CA01 /* UIProgressView+AFNetworking.m */ = {isa = PBXFileReference; fileEncoding = 4; lastKnownFileType = sourcecode.c.objc; path = "UIProgressView+AFNetworking.m"; sourceTree = "<group>"; };
		ABFCC4A919C2DDA10074CA01 /* UIRefreshControl+AFNetworking.h */ = {isa = PBXFileReference; fileEncoding = 4; lastKnownFileType = sourcecode.c.h; path = "UIRefreshControl+AFNetworking.h"; sourceTree = "<group>"; };
		ABFCC4AA19C2DDA10074CA01 /* UIRefreshControl+AFNetworking.m */ = {isa = PBXFileReference; fileEncoding = 4; lastKnownFileType = sourcecode.c.objc; path = "UIRefreshControl+AFNetworking.m"; sourceTree = "<group>"; };
		ABFCC4AB19C2DDA10074CA01 /* UIWebView+AFNetworking.h */ = {isa = PBXFileReference; fileEncoding = 4; lastKnownFileType = sourcecode.c.h; path = "UIWebView+AFNetworking.h"; sourceTree = "<group>"; };
		ABFCC4AC19C2DDA10074CA01 /* UIWebView+AFNetworking.m */ = {isa = PBXFileReference; fileEncoding = 4; lastKnownFileType = sourcecode.c.objc; path = "UIWebView+AFNetworking.m"; sourceTree = "<group>"; };
		ABFCC4AE19C2DDA10074CA01 /* SIAlertView.bundle */ = {isa = PBXFileReference; lastKnownFileType = "wrapper.plug-in"; path = SIAlertView.bundle; sourceTree = "<group>"; };
		ABFCC4AF19C2DDA10074CA01 /* SIAlertView.h */ = {isa = PBXFileReference; fileEncoding = 4; lastKnownFileType = sourcecode.c.h; path = SIAlertView.h; sourceTree = "<group>"; };
		ABFCC4B019C2DDA10074CA01 /* SIAlertView.m */ = {isa = PBXFileReference; fileEncoding = 4; lastKnownFileType = sourcecode.c.objc; path = SIAlertView.m; sourceTree = "<group>"; };
		ABFCC4B119C2DDA10074CA01 /* UIWindow+SIUtils.h */ = {isa = PBXFileReference; fileEncoding = 4; lastKnownFileType = sourcecode.c.h; path = "UIWindow+SIUtils.h"; sourceTree = "<group>"; };
		ABFCC4B219C2DDA10074CA01 /* UIWindow+SIUtils.m */ = {isa = PBXFileReference; fileEncoding = 4; lastKnownFileType = sourcecode.c.objc; path = "UIWindow+SIUtils.m"; sourceTree = "<group>"; };
		ABFCC4B419C2DDA10074CA01 /* TPKeyboardAvoidingCollectionView.h */ = {isa = PBXFileReference; fileEncoding = 4; lastKnownFileType = sourcecode.c.h; path = TPKeyboardAvoidingCollectionView.h; sourceTree = "<group>"; };
		ABFCC4B519C2DDA10074CA01 /* TPKeyboardAvoidingCollectionView.m */ = {isa = PBXFileReference; fileEncoding = 4; lastKnownFileType = sourcecode.c.objc; path = TPKeyboardAvoidingCollectionView.m; sourceTree = "<group>"; };
		ABFCC4B619C2DDA10074CA01 /* TPKeyboardAvoidingScrollView.h */ = {isa = PBXFileReference; fileEncoding = 4; lastKnownFileType = sourcecode.c.h; path = TPKeyboardAvoidingScrollView.h; sourceTree = "<group>"; };
		ABFCC4B719C2DDA10074CA01 /* TPKeyboardAvoidingScrollView.m */ = {isa = PBXFileReference; fileEncoding = 4; lastKnownFileType = sourcecode.c.objc; path = TPKeyboardAvoidingScrollView.m; sourceTree = "<group>"; };
		ABFCC4B819C2DDA10074CA01 /* TPKeyboardAvoidingTableView.h */ = {isa = PBXFileReference; fileEncoding = 4; lastKnownFileType = sourcecode.c.h; path = TPKeyboardAvoidingTableView.h; sourceTree = "<group>"; };
		ABFCC4B919C2DDA10074CA01 /* TPKeyboardAvoidingTableView.m */ = {isa = PBXFileReference; fileEncoding = 4; lastKnownFileType = sourcecode.c.objc; path = TPKeyboardAvoidingTableView.m; sourceTree = "<group>"; };
		ABFCC4BA19C2DDA10074CA01 /* UIScrollView+TPKeyboardAvoidingAdditions.h */ = {isa = PBXFileReference; fileEncoding = 4; lastKnownFileType = sourcecode.c.h; path = "UIScrollView+TPKeyboardAvoidingAdditions.h"; sourceTree = "<group>"; };
		ABFCC4BB19C2DDA10074CA01 /* UIScrollView+TPKeyboardAvoidingAdditions.m */ = {isa = PBXFileReference; fileEncoding = 4; lastKnownFileType = sourcecode.c.objc; path = "UIScrollView+TPKeyboardAvoidingAdditions.m"; sourceTree = "<group>"; };
		ABFCC4BE19C2DDA10074CA01 /* TSMessage.h */ = {isa = PBXFileReference; fileEncoding = 4; lastKnownFileType = sourcecode.c.h; path = TSMessage.h; sourceTree = "<group>"; };
		ABFCC4BF19C2DDA10074CA01 /* TSMessage.m */ = {isa = PBXFileReference; fileEncoding = 4; lastKnownFileType = sourcecode.c.objc; path = TSMessage.m; sourceTree = "<group>"; };
		ABFCC4C119C2DDA10074CA01 /* HexColor.h */ = {isa = PBXFileReference; fileEncoding = 4; lastKnownFileType = sourcecode.c.h; path = HexColor.h; sourceTree = "<group>"; };
		ABFCC4C219C2DDA10074CA01 /* HexColor.m */ = {isa = PBXFileReference; fileEncoding = 4; lastKnownFileType = sourcecode.c.objc; path = HexColor.m; sourceTree = "<group>"; };
		ABFCC4C519C2DDA10074CA01 /* NotificationBackgroundError.png */ = {isa = PBXFileReference; lastKnownFileType = image.png; path = NotificationBackgroundError.png; sourceTree = "<group>"; };
		ABFCC4C619C2DDA10074CA01 /* NotificationBackgroundError@2x.png */ = {isa = PBXFileReference; lastKnownFileType = image.png; path = "NotificationBackgroundError@2x.png"; sourceTree = "<group>"; };
		ABFCC4C719C2DDA10074CA01 /* NotificationBackgroundErrorIcon.png */ = {isa = PBXFileReference; lastKnownFileType = image.png; path = NotificationBackgroundErrorIcon.png; sourceTree = "<group>"; };
		ABFCC4C819C2DDA10074CA01 /* NotificationBackgroundErrorIcon@2x.png */ = {isa = PBXFileReference; lastKnownFileType = image.png; path = "NotificationBackgroundErrorIcon@2x.png"; sourceTree = "<group>"; };
		ABFCC4C919C2DDA10074CA01 /* NotificationBackgroundMessage.png */ = {isa = PBXFileReference; lastKnownFileType = image.png; path = NotificationBackgroundMessage.png; sourceTree = "<group>"; };
		ABFCC4CA19C2DDA10074CA01 /* NotificationBackgroundMessage@2x.png */ = {isa = PBXFileReference; lastKnownFileType = image.png; path = "NotificationBackgroundMessage@2x.png"; sourceTree = "<group>"; };
		ABFCC4CB19C2DDA10074CA01 /* NotificationBackgroundSuccess.png */ = {isa = PBXFileReference; lastKnownFileType = image.png; path = NotificationBackgroundSuccess.png; sourceTree = "<group>"; };
		ABFCC4CC19C2DDA10074CA01 /* NotificationBackgroundSuccess@2x.png */ = {isa = PBXFileReference; lastKnownFileType = image.png; path = "NotificationBackgroundSuccess@2x.png"; sourceTree = "<group>"; };
		ABFCC4CD19C2DDA10074CA01 /* NotificationBackgroundSuccessIcon.png */ = {isa = PBXFileReference; lastKnownFileType = image.png; path = NotificationBackgroundSuccessIcon.png; sourceTree = "<group>"; };
		ABFCC4CE19C2DDA10074CA01 /* NotificationBackgroundSuccessIcon@2x.png */ = {isa = PBXFileReference; lastKnownFileType = image.png; path = "NotificationBackgroundSuccessIcon@2x.png"; sourceTree = "<group>"; };
		ABFCC4CF19C2DDA10074CA01 /* NotificationBackgroundWarning.png */ = {isa = PBXFileReference; lastKnownFileType = image.png; path = NotificationBackgroundWarning.png; sourceTree = "<group>"; };
		ABFCC4D019C2DDA10074CA01 /* NotificationBackgroundWarning@2x.png */ = {isa = PBXFileReference; lastKnownFileType = image.png; path = "NotificationBackgroundWarning@2x.png"; sourceTree = "<group>"; };
		ABFCC4D119C2DDA10074CA01 /* NotificationBackgroundWarningIcon.png */ = {isa = PBXFileReference; lastKnownFileType = image.png; path = NotificationBackgroundWarningIcon.png; sourceTree = "<group>"; };
		ABFCC4D219C2DDA10074CA01 /* NotificationBackgroundWarningIcon@2x.png */ = {isa = PBXFileReference; lastKnownFileType = image.png; path = "NotificationBackgroundWarningIcon@2x.png"; sourceTree = "<group>"; };
		ABFCC4D319C2DDA10074CA01 /* NotificationButtonBackground.png */ = {isa = PBXFileReference; lastKnownFileType = image.png; path = NotificationButtonBackground.png; sourceTree = "<group>"; };
		ABFCC4D419C2DDA10074CA01 /* NotificationButtonBackground@2x.png */ = {isa = PBXFileReference; lastKnownFileType = image.png; path = "NotificationButtonBackground@2x.png"; sourceTree = "<group>"; };
		ABFCC4D519C2DDA10074CA01 /* TSMessagesDefaultDesign.json */ = {isa = PBXFileReference; fileEncoding = 4; lastKnownFileType = text.json; path = TSMessagesDefaultDesign.json; sourceTree = "<group>"; };
		ABFCC4D719C2DDA10074CA01 /* TSBlurView.h */ = {isa = PBXFileReference; fileEncoding = 4; lastKnownFileType = sourcecode.c.h; path = TSBlurView.h; sourceTree = "<group>"; };
		ABFCC4D819C2DDA10074CA01 /* TSBlurView.m */ = {isa = PBXFileReference; fileEncoding = 4; lastKnownFileType = sourcecode.c.objc; path = TSBlurView.m; sourceTree = "<group>"; };
		ABFCC4D919C2DDA10074CA01 /* TSMessageView.h */ = {isa = PBXFileReference; fileEncoding = 4; lastKnownFileType = sourcecode.c.h; path = TSMessageView.h; sourceTree = "<group>"; };
		ABFCC4DA19C2DDA10074CA01 /* TSMessageView.m */ = {isa = PBXFileReference; fileEncoding = 4; lastKnownFileType = sourcecode.c.objc; path = TSMessageView.m; sourceTree = "<group>"; };
		ABFCC51319C2DE450074CA01 /* Offline.h */ = {isa = PBXFileReference; fileEncoding = 4; lastKnownFileType = sourcecode.c.h; path = Offline.h; sourceTree = "<group>"; };
		ABFCC51419C2DE450074CA01 /* Offline.m */ = {isa = PBXFileReference; fileEncoding = 4; lastKnownFileType = sourcecode.c.objc; path = Offline.m; sourceTree = "<group>"; };
		ABFCC51619C2DF4D0074CA01 /* Obras-Programas-Prefix.pch */ = {isa = PBXFileReference; lastKnownFileType = sourcecode.c.h; name = "Obras-Programas-Prefix.pch"; path = "Obras-Programas/Obras-Programas-Prefix.pch"; sourceTree = SOURCE_ROOT; };
		ABFCC51719C2E0460074CA01 /* libsqlite3.0.dylib */ = {isa = PBXFileReference; lastKnownFileType = "compiled.mach-o.dylib"; name = libsqlite3.0.dylib; path = usr/lib/libsqlite3.0.dylib; sourceTree = SDKROOT; };
		ABFCC54C19C2E43F0074CA01 /* MainViewController.h */ = {isa = PBXFileReference; fileEncoding = 4; lastKnownFileType = sourcecode.c.h; path = MainViewController.h; sourceTree = "<group>"; };
		ABFCC54D19C2E43F0074CA01 /* MainViewController.m */ = {isa = PBXFileReference; fileEncoding = 4; lastKnownFileType = sourcecode.c.objc; path = MainViewController.m; sourceTree = "<group>"; };
		ABFCC54F19C2E5990074CA01 /* MapKit.framework */ = {isa = PBXFileReference; lastKnownFileType = wrapper.framework; name = MapKit.framework; path = System/Library/Frameworks/MapKit.framework; sourceTree = SDKROOT; };
/* End PBXFileReference section */

/* Begin PBXFrameworksBuildPhase section */
		ABFCC45319C2DB530074CA01 /* Frameworks */ = {
			isa = PBXFrameworksBuildPhase;
			buildActionMask = 2147483647;
			files = (
				ABFCC55019C2E5990074CA01 /* MapKit.framework in Frameworks */,
				ABFCC51819C2E0460074CA01 /* libsqlite3.0.dylib in Frameworks */,
			);
			runOnlyForDeploymentPostprocessing = 0;
		};
		ABFCC46C19C2DB530074CA01 /* Frameworks */ = {
			isa = PBXFrameworksBuildPhase;
			buildActionMask = 2147483647;
			files = (
			);
			runOnlyForDeploymentPostprocessing = 0;
		};
/* End PBXFrameworksBuildPhase section */

/* Begin PBXGroup section */
		AB36C60019D6074500B77B83 /* Mantle */ = {
			isa = PBXGroup;
			children = (
				AB36C60119D6074500B77B83 /* extobjc */,
				AB36C60819D6074500B77B83 /* Mantle-Info.plist */,
				AB36C60919D6074500B77B83 /* Mantle-Prefix.pch */,
				AB36C60A19D6074500B77B83 /* Mantle.h */,
				AB36C60B19D6074500B77B83 /* MTLJSONAdapter.h */,
				AB36C60C19D6074500B77B83 /* MTLJSONAdapter.m */,
				AB36C60D19D6074500B77B83 /* MTLManagedObjectAdapter.h */,
				AB36C60E19D6074500B77B83 /* MTLManagedObjectAdapter.m */,
				AB36C60F19D6074500B77B83 /* MTLModel+NSCoding.h */,
				AB36C61019D6074500B77B83 /* MTLModel+NSCoding.m */,
				AB36C61119D6074500B77B83 /* MTLModel.h */,
				AB36C61219D6074500B77B83 /* MTLModel.m */,
				AB36C61319D6074500B77B83 /* MTLReflection.h */,
				AB36C61419D6074500B77B83 /* MTLReflection.m */,
				AB36C61519D6074500B77B83 /* MTLValueTransformer.h */,
				AB36C61619D6074500B77B83 /* MTLValueTransformer.m */,
				AB36C61719D6074500B77B83 /* NSArray+MTLManipulationAdditions.h */,
				AB36C61819D6074500B77B83 /* NSArray+MTLManipulationAdditions.m */,
				AB36C61919D6074500B77B83 /* NSDictionary+MTLManipulationAdditions.h */,
				AB36C61A19D6074500B77B83 /* NSDictionary+MTLManipulationAdditions.m */,
				AB36C61B19D6074500B77B83 /* NSError+MTLModelException.h */,
				AB36C61C19D6074500B77B83 /* NSError+MTLModelException.m */,
				AB36C61D19D6074500B77B83 /* NSObject+MTLComparisonAdditions.h */,
				AB36C61E19D6074500B77B83 /* NSObject+MTLComparisonAdditions.m */,
				AB36C61F19D6074500B77B83 /* NSValueTransformer+MTLInversionAdditions.h */,
				AB36C62019D6074500B77B83 /* NSValueTransformer+MTLInversionAdditions.m */,
				AB36C62119D6074500B77B83 /* NSValueTransformer+MTLPredefinedTransformerAdditions.h */,
				AB36C62219D6074500B77B83 /* NSValueTransformer+MTLPredefinedTransformerAdditions.m */,
			);
			path = Mantle;
			sourceTree = "<group>";
		};
		AB36C60119D6074500B77B83 /* extobjc */ = {
			isa = PBXGroup;
			children = (
				AB36C60219D6074500B77B83 /* EXTKeyPathCoding.h */,
				AB36C60319D6074500B77B83 /* EXTRuntimeExtensions.h */,
				AB36C60419D6074500B77B83 /* EXTRuntimeExtensions.m */,
				AB36C60519D6074500B77B83 /* EXTScope.h */,
				AB36C60619D6074500B77B83 /* EXTScope.m */,
				AB36C60719D6074500B77B83 /* metamacros.h */,
			);
			path = extobjc;
			sourceTree = "<group>";
		};
		AB36C64419D6671600B77B83 /* RMMapper */ = {
			isa = PBXGroup;
			children = (
				AB36C64519D6671600B77B83 /* RMMapper.h */,
				AB36C64619D6671600B77B83 /* RMMapper.m */,
			);
			path = RMMapper;
			sourceTree = "<group>";
		};
		AB5004A919E20C85003392E8 /* Cells */ = {
			isa = PBXGroup;
			children = (
				AB5004A619E20C7F003392E8 /* ObraProgramaCell.h */,
				AB5004A719E20C7F003392E8 /* ObraProgramaCell.m */,
			);
			name = Cells;
			sourceTree = "<group>";
		};
		AB97C9E819D549520049DD51 /* Web Services */ = {
			isa = PBXGroup;
			children = (
				AB97C9E919D54A270049DD51 /* JSONHTTPClient.h */,
				AB97C9EA19D54A270049DD51 /* JSONHTTPClient.m */,
			);
			path = "Web Services";
			sourceTree = "<group>";
		};
		AB9E737C19CBCD5700C16E66 /* LiveBlur */ = {
			isa = PBXGroup;
			children = (
				AB9E737D19CBCD5700C16E66 /* UIERealTimeBlurView.h */,
				AB9E737E19CBCD5700C16E66 /* UIERealTimeBlurView.m */,
				AB9E737F19CBCD5700C16E66 /* UIImage+BoxBlur.h */,
				AB9E738019CBCD5700C16E66 /* UIImage+BoxBlur.m */,
			);
			path = LiveBlur;
			sourceTree = "<group>";
		};
		ABCFFFF019D9474D002124B5 /* M13ProgressSuite */ = {
			isa = PBXGroup;
			children = (
				ABCFFFF119D9474D002124B5 /* M13ProgressHUD.h */,
				ABCFFFF219D9474D002124B5 /* M13ProgressHUD.m */,
				ABCFFFF319D9474D002124B5 /* M13ProgressView.h */,
				ABCFFFF419D9474D002124B5 /* M13ProgressView.m */,
				ABCFFFF519D9474D002124B5 /* M13ProgressViewRing.h */,
				ABCFFFF619D9474D002124B5 /* M13ProgressViewRing.m */,
				ABCFFFF719D9474D002124B5 /* UIImage+ImageEffects.h */,
				ABCFFFF819D9474D002124B5 /* UIImage+ImageEffects.m */,
			);
			path = M13ProgressSuite;
			sourceTree = "<group>";
		};
		ABE1582719E104C80004F691 /* PMCalendar */ = {
			isa = PBXGroup;
			children = (
				ABE1582819E104C80004F691 /* PMCalendar.h */,
				ABE1582919E104C80004F691 /* src */,
				ABE1583F19E104C80004F691 /* Theme */,
			);
			path = PMCalendar;
			sourceTree = "<group>";
		};
		ABE1582919E104C80004F691 /* src */ = {
			isa = PBXGroup;
			children = (
				ABE1582A19E104C80004F691 /* NSDate+Helpers.h */,
				ABE1582B19E104C80004F691 /* NSDate+Helpers.m */,
				ABE1582C19E104C80004F691 /* PMCalendarBackgroundView.h */,
				ABE1582D19E104C80004F691 /* PMCalendarBackgroundView.m */,
				ABE1582E19E104C80004F691 /* PMCalendarConstants.h */,
				ABE1582F19E104C80004F691 /* PMCalendarController.h */,
				ABE1583019E104C80004F691 /* PMCalendarController.m */,
				ABE1583119E104C80004F691 /* PMCalendarHelpers.h */,
				ABE1583219E104C80004F691 /* PMCalendarView.h */,
				ABE1583319E104C80004F691 /* PMCalendarView.m */,
				ABE1583419E104C80004F691 /* PMDimmingView.h */,
				ABE1583519E104C80004F691 /* PMDimmingView.m */,
				ABE1583619E104C80004F691 /* PMPeriod.h */,
				ABE1583719E104C80004F691 /* PMPeriod.m */,
				ABE1583819E104C80004F691 /* PMSelectionView.h */,
				ABE1583919E104C80004F691 /* PMSelectionView.m */,
				ABE1583A19E104C80004F691 /* PMTheme.h */,
				ABE1583B19E104C80004F691 /* PMThemeEngine.h */,
				ABE1583C19E104C80004F691 /* PMThemeEngine.m */,
				ABE1583D19E104C80004F691 /* PMThemeShadow.h */,
				ABE1583E19E104C80004F691 /* PMThemeShadow.m */,
			);
			path = src;
			sourceTree = "<group>";
		};
		ABE1583F19E104C80004F691 /* Theme */ = {
			isa = PBXGroup;
			children = (
				ABE1584019E104C80004F691 /* apple calendar.plist */,
				ABE1584119E104C80004F691 /* background.png */,
				ABE1584219E104C80004F691 /* background@2x.png */,
				ABE1584319E104C80004F691 /* default.plist */,
			);
			path = Theme;
			sourceTree = "<group>";
		};
		ABFCC44D19C2DB530074CA01 = {
			isa = PBXGroup;
			children = (
				ABFCC45819C2DB530074CA01 /* Obras-Programas */,
				ABFCC47219C2DB530074CA01 /* Obras-ProgramasTests */,
				ABFCC51919C2E0710074CA01 /* Frameworks */,
				ABFCC45719C2DB530074CA01 /* Products */,
			);
			sourceTree = "<group>";
		};
		ABFCC45719C2DB530074CA01 /* Products */ = {
			isa = PBXGroup;
			children = (
				ABFCC45619C2DB530074CA01 /* Obras-Programas.app */,
				ABFCC46F19C2DB530074CA01 /* Obras-ProgramasTests.xctest */,
			);
			name = Products;
			sourceTree = "<group>";
		};
		ABFCC45819C2DB530074CA01 /* Obras-Programas */ = {
			isa = PBXGroup;
			children = (
				ABFCC48219C2DDA10074CA01 /* Classes */,
				ABFCC4E119C2DDA10074CA01 /* Resources */,
				ABFCC51219C2DDBE0074CA01 /* StoryBoard */,
				ABFCC46619C2DB530074CA01 /* Images.xcassets */,
				ABFCC45919C2DB530074CA01 /* Supporting Files */,
			);
			path = "Obras-Programas";
			sourceTree = "<group>";
		};
		ABFCC45919C2DB530074CA01 /* Supporting Files */ = {
			isa = PBXGroup;
			children = (
				ABFCC51619C2DF4D0074CA01 /* Obras-Programas-Prefix.pch */,
				ABFCC45A19C2DB530074CA01 /* Info.plist */,
				ABFCC45B19C2DB530074CA01 /* main.m */,
			);
			name = "Supporting Files";
			sourceTree = "<group>";
		};
		ABFCC47219C2DB530074CA01 /* Obras-ProgramasTests */ = {
			isa = PBXGroup;
			children = (
				ABFCC47519C2DB530074CA01 /* Obras_ProgramasTests.m */,
				ABFCC47319C2DB530074CA01 /* Supporting Files */,
			);
			path = "Obras-ProgramasTests";
			sourceTree = "<group>";
		};
		ABFCC47319C2DB530074CA01 /* Supporting Files */ = {
			isa = PBXGroup;
			children = (
				ABFCC47419C2DB530074CA01 /* Info.plist */,
			);
			name = "Supporting Files";
			sourceTree = "<group>";
		};
		ABFCC48219C2DDA10074CA01 /* Classes */ = {
			isa = PBXGroup;
			children = (
				ABFCC48319C2DDA10074CA01 /* AppDelegate.h */,
				ABFCC48419C2DDA10074CA01 /* AppDelegate.m */,
				ABFCC48519C2DDA10074CA01 /* Categories */,
				ABFCC48619C2DDA10074CA01 /* External Classes */,
				ABFCC4DB19C2DDA10074CA01 /* Project Classes */,
				ABFCC4DF19C2DDA10074CA01 /* SubClasses */,
				ABFCC4E019C2DDA10074CA01 /* Utility Classes */,
			);
			path = Classes;
			sourceTree = "<group>";
		};
		ABFCC48519C2DDA10074CA01 /* Categories */ = {
			isa = PBXGroup;
			children = (
				ABE1582419E075C90004F691 /* UIColor+Colores.h */,
				ABE1582519E075C90004F691 /* UIColor+Colores.m */,
				AB36C63E19D663E700B77B83 /* NSObject+RMArchivable.h */,
				AB36C63F19D663E700B77B83 /* NSObject+RMArchivable.m */,
				AB36C64019D663E700B77B83 /* NSUserDefaults+RMSaveCustomObject.h */,
				AB36C64119D663E700B77B83 /* NSUserDefaults+RMSaveCustomObject.m */,
			);
			path = Categories;
			sourceTree = "<group>";
		};
		ABFCC48619C2DDA10074CA01 /* External Classes */ = {
			isa = PBXGroup;
			children = (
				ABE1582719E104C80004F691 /* PMCalendar */,
				ABCFFFF019D9474D002124B5 /* M13ProgressSuite */,
				AB36C64419D6671600B77B83 /* RMMapper */,
				AB36C60019D6074500B77B83 /* Mantle */,
				AB9E737C19CBCD5700C16E66 /* LiveBlur */,
				ABFCC48719C2DDA10074CA01 /* AFNetworking */,
				ABFCC4AD19C2DDA10074CA01 /* SIAlertView */,
				ABFCC4B319C2DDA10074CA01 /* TPKeyboardAvoiding */,
				ABFCC4BC19C2DDA10074CA01 /* TSMessages */,
			);
			path = "External Classes";
			sourceTree = "<group>";
		};
		ABFCC48719C2DDA10074CA01 /* AFNetworking */ = {
			isa = PBXGroup;
			children = (
				ABFCC48819C2DDA10074CA01 /* AFHTTPRequestOperation.h */,
				ABFCC48919C2DDA10074CA01 /* AFHTTPRequestOperation.m */,
				ABFCC48A19C2DDA10074CA01 /* AFHTTPRequestOperationManager.h */,
				ABFCC48B19C2DDA10074CA01 /* AFHTTPRequestOperationManager.m */,
				ABFCC48C19C2DDA10074CA01 /* AFHTTPSessionManager.h */,
				ABFCC48D19C2DDA10074CA01 /* AFHTTPSessionManager.m */,
				ABFCC48E19C2DDA10074CA01 /* AFNetworking.h */,
				ABFCC48F19C2DDA10074CA01 /* AFNetworkReachabilityManager.h */,
				ABFCC49019C2DDA10074CA01 /* AFNetworkReachabilityManager.m */,
				ABFCC49119C2DDA10074CA01 /* AFSecurityPolicy.h */,
				ABFCC49219C2DDA10074CA01 /* AFSecurityPolicy.m */,
				ABFCC49319C2DDA10074CA01 /* AFURLConnectionOperation.h */,
				ABFCC49419C2DDA10074CA01 /* AFURLConnectionOperation.m */,
				ABFCC49519C2DDA10074CA01 /* AFURLRequestSerialization.h */,
				ABFCC49619C2DDA10074CA01 /* AFURLRequestSerialization.m */,
				ABFCC49719C2DDA10074CA01 /* AFURLResponseSerialization.h */,
				ABFCC49819C2DDA10074CA01 /* AFURLResponseSerialization.m */,
				ABFCC49919C2DDA10074CA01 /* AFURLSessionManager.h */,
				ABFCC49A19C2DDA10074CA01 /* AFURLSessionManager.m */,
				ABFCC49B19C2DDA10074CA01 /* UIKit+AFNetworking */,
			);
			path = AFNetworking;
			sourceTree = "<group>";
		};
		ABFCC49B19C2DDA10074CA01 /* UIKit+AFNetworking */ = {
			isa = PBXGroup;
			children = (
				ABFCC49C19C2DDA10074CA01 /* AFNetworkActivityIndicatorManager.h */,
				ABFCC49D19C2DDA10074CA01 /* AFNetworkActivityIndicatorManager.m */,
				ABFCC49E19C2DDA10074CA01 /* UIActivityIndicatorView+AFNetworking.h */,
				ABFCC49F19C2DDA10074CA01 /* UIActivityIndicatorView+AFNetworking.m */,
				ABFCC4A019C2DDA10074CA01 /* UIAlertView+AFNetworking.h */,
				ABFCC4A119C2DDA10074CA01 /* UIAlertView+AFNetworking.m */,
				ABFCC4A219C2DDA10074CA01 /* UIButton+AFNetworking.h */,
				ABFCC4A319C2DDA10074CA01 /* UIButton+AFNetworking.m */,
				ABFCC4A419C2DDA10074CA01 /* UIImageView+AFNetworking.h */,
				ABFCC4A519C2DDA10074CA01 /* UIImageView+AFNetworking.m */,
				ABFCC4A619C2DDA10074CA01 /* UIKit+AFNetworking.h */,
				ABFCC4A719C2DDA10074CA01 /* UIProgressView+AFNetworking.h */,
				ABFCC4A819C2DDA10074CA01 /* UIProgressView+AFNetworking.m */,
				ABFCC4A919C2DDA10074CA01 /* UIRefreshControl+AFNetworking.h */,
				ABFCC4AA19C2DDA10074CA01 /* UIRefreshControl+AFNetworking.m */,
				ABFCC4AB19C2DDA10074CA01 /* UIWebView+AFNetworking.h */,
				ABFCC4AC19C2DDA10074CA01 /* UIWebView+AFNetworking.m */,
			);
			path = "UIKit+AFNetworking";
			sourceTree = "<group>";
		};
		ABFCC4AD19C2DDA10074CA01 /* SIAlertView */ = {
			isa = PBXGroup;
			children = (
				ABFCC4AE19C2DDA10074CA01 /* SIAlertView.bundle */,
				ABFCC4AF19C2DDA10074CA01 /* SIAlertView.h */,
				ABFCC4B019C2DDA10074CA01 /* SIAlertView.m */,
				ABFCC4B119C2DDA10074CA01 /* UIWindow+SIUtils.h */,
				ABFCC4B219C2DDA10074CA01 /* UIWindow+SIUtils.m */,
			);
			path = SIAlertView;
			sourceTree = "<group>";
		};
		ABFCC4B319C2DDA10074CA01 /* TPKeyboardAvoiding */ = {
			isa = PBXGroup;
			children = (
				ABFCC4B419C2DDA10074CA01 /* TPKeyboardAvoidingCollectionView.h */,
				ABFCC4B519C2DDA10074CA01 /* TPKeyboardAvoidingCollectionView.m */,
				ABFCC4B619C2DDA10074CA01 /* TPKeyboardAvoidingScrollView.h */,
				ABFCC4B719C2DDA10074CA01 /* TPKeyboardAvoidingScrollView.m */,
				ABFCC4B819C2DDA10074CA01 /* TPKeyboardAvoidingTableView.h */,
				ABFCC4B919C2DDA10074CA01 /* TPKeyboardAvoidingTableView.m */,
				ABFCC4BA19C2DDA10074CA01 /* UIScrollView+TPKeyboardAvoidingAdditions.h */,
				ABFCC4BB19C2DDA10074CA01 /* UIScrollView+TPKeyboardAvoidingAdditions.m */,
			);
			path = TPKeyboardAvoiding;
			sourceTree = "<group>";
		};
		ABFCC4BC19C2DDA10074CA01 /* TSMessages */ = {
			isa = PBXGroup;
			children = (
				ABFCC4BD19C2DDA10074CA01 /* Classes */,
				ABFCC4C019C2DDA10074CA01 /* HexColors */,
				ABFCC4C319C2DDA10074CA01 /* Resources */,
				ABFCC4D619C2DDA10074CA01 /* Views */,
			);
			path = TSMessages;
			sourceTree = "<group>";
		};
		ABFCC4BD19C2DDA10074CA01 /* Classes */ = {
			isa = PBXGroup;
			children = (
				ABFCC4BE19C2DDA10074CA01 /* TSMessage.h */,
				ABFCC4BF19C2DDA10074CA01 /* TSMessage.m */,
			);
			path = Classes;
			sourceTree = "<group>";
		};
		ABFCC4C019C2DDA10074CA01 /* HexColors */ = {
			isa = PBXGroup;
			children = (
				ABFCC4C119C2DDA10074CA01 /* HexColor.h */,
				ABFCC4C219C2DDA10074CA01 /* HexColor.m */,
			);
			path = HexColors;
			sourceTree = "<group>";
		};
		ABFCC4C319C2DDA10074CA01 /* Resources */ = {
			isa = PBXGroup;
			children = (
				ABFCC4C419C2DDA10074CA01 /* Images */,
				ABFCC4D519C2DDA10074CA01 /* TSMessagesDefaultDesign.json */,
			);
			path = Resources;
			sourceTree = "<group>";
		};
		ABFCC4C419C2DDA10074CA01 /* Images */ = {
			isa = PBXGroup;
			children = (
				ABFCC4C519C2DDA10074CA01 /* NotificationBackgroundError.png */,
				ABFCC4C619C2DDA10074CA01 /* NotificationBackgroundError@2x.png */,
				ABFCC4C719C2DDA10074CA01 /* NotificationBackgroundErrorIcon.png */,
				ABFCC4C819C2DDA10074CA01 /* NotificationBackgroundErrorIcon@2x.png */,
				ABFCC4C919C2DDA10074CA01 /* NotificationBackgroundMessage.png */,
				ABFCC4CA19C2DDA10074CA01 /* NotificationBackgroundMessage@2x.png */,
				ABFCC4CB19C2DDA10074CA01 /* NotificationBackgroundSuccess.png */,
				ABFCC4CC19C2DDA10074CA01 /* NotificationBackgroundSuccess@2x.png */,
				ABFCC4CD19C2DDA10074CA01 /* NotificationBackgroundSuccessIcon.png */,
				ABFCC4CE19C2DDA10074CA01 /* NotificationBackgroundSuccessIcon@2x.png */,
				ABFCC4CF19C2DDA10074CA01 /* NotificationBackgroundWarning.png */,
				ABFCC4D019C2DDA10074CA01 /* NotificationBackgroundWarning@2x.png */,
				ABFCC4D119C2DDA10074CA01 /* NotificationBackgroundWarningIcon.png */,
				ABFCC4D219C2DDA10074CA01 /* NotificationBackgroundWarningIcon@2x.png */,
				ABFCC4D319C2DDA10074CA01 /* NotificationButtonBackground.png */,
				ABFCC4D419C2DDA10074CA01 /* NotificationButtonBackground@2x.png */,
			);
			path = Images;
			sourceTree = "<group>";
		};
		ABFCC4D619C2DDA10074CA01 /* Views */ = {
			isa = PBXGroup;
			children = (
				ABFCC4D719C2DDA10074CA01 /* TSBlurView.h */,
				ABFCC4D819C2DDA10074CA01 /* TSBlurView.m */,
				ABFCC4D919C2DDA10074CA01 /* TSMessageView.h */,
				ABFCC4DA19C2DDA10074CA01 /* TSMessageView.m */,
			);
			path = Views;
			sourceTree = "<group>";
		};
		ABFCC4DB19C2DDA10074CA01 /* Project Classes */ = {
			isa = PBXGroup;
			children = (
				AB97C9E819D549520049DD51 /* Web Services */,
				ABFCC4DC19C2DDA10074CA01 /* Controllers */,
				ABFCC4DD19C2DDA10074CA01 /* Models */,
				ABFCC4DE19C2DDA10074CA01 /* Views */,
			);
			path = "Project Classes";
			sourceTree = "<group>";
		};
		ABFCC4DC19C2DDA10074CA01 /* Controllers */ = {
			isa = PBXGroup;
			children = (
				ABFCC54C19C2E43F0074CA01 /* MainViewController.h */,
				ABFCC54D19C2E43F0074CA01 /* MainViewController.m */,
				AB5004A919E20C85003392E8 /* Cells */,
			);
			path = Controllers;
			sourceTree = "<group>";
		};
		ABFCC4DD19C2DDA10074CA01 /* Models */ = {
			isa = PBXGroup;
			children = (
				AB36C63B19D635F200B77B83 /* Clasificacion.h */,
				AB36C63C19D635F200B77B83 /* Clasificacion.m */,
				AB91255219D4CCBA00151A47 /* Consulta.h */,
				AB91255319D4CCBA00151A47 /* Consulta.m */,
				ABCFFFED19D93C15002124B5 /* Dependencia.h */,
				ABCFFFEE19D93C15002124B5 /* Dependencia.m */,
				AB97C9EF19D5D4F00049DD51 /* Estado.h */,
				AB97C9F019D5D4F00049DD51 /* Estado.m */,
				AB36C63819D62BA200B77B83 /* Impacto.h */,
				AB36C63919D62BA200B77B83 /* Impacto.m */,
				AB36C63219D60BBB00B77B83 /* Inaugurador.h */,
				AB36C63319D60BBB00B77B83 /* Inaugurador.m */,
				ABBE071319E123A200F1BFFC /* Inversion.h */,
				ABBE071419E123A200F1BFFC /* Inversion.m */,
				AB91254C19D4CB1C00151A47 /* Obra.h */,
				AB91254D19D4CB1C00151A47 /* Obra.m */,
				AB91254F19D4CB2600151A47 /* Programa.h */,
				AB91255019D4CB2600151A47 /* Programa.m */,
				AB36C64819D667C800B77B83 /* TipoObraPrograma.h */,
				AB36C64919D667C800B77B83 /* TipoObraPrograma.m */,
			);
			path = Models;
			sourceTree = "<group>";
		};
		ABFCC4DE19C2DDA10074CA01 /* Views */ = {
			isa = PBXGroup;
			children = (
			);
			path = Views;
			sourceTree = "<group>";
		};
		ABFCC4DF19C2DDA10074CA01 /* SubClasses */ = {
			isa = PBXGroup;
			children = (
				AB9E738519CBDFDA00C16E66 /* PopupListTableViewController.h */,
				AB9E738619CBDFDA00C16E66 /* PopupListTableViewController.m */,
			);
			path = SubClasses;
			sourceTree = "<group>";
		};
		ABFCC4E019C2DDA10074CA01 /* Utility Classes */ = {
			isa = PBXGroup;
			children = (
				ABFCC51319C2DE450074CA01 /* Offline.h */,
				ABFCC51419C2DE450074CA01 /* Offline.m */,
				AB91254919D4B68B00151A47 /* Constants.h */,
				AB91254A19D4B68B00151A47 /* Constants.m */,
			);
			path = "Utility Classes";
			sourceTree = "<group>";
		};
		ABFCC4E119C2DDA10074CA01 /* Resources */ = {
			isa = PBXGroup;
			children = (
				ABFCC4E219C2DDA10074CA01 /* Data Base */,
				ABFCC4E319C2DDA10074CA01 /* Images */,
			);
			path = Resources;
			sourceTree = "<group>";
		};
		ABFCC4E219C2DDA10074CA01 /* Data Base */ = {
			isa = PBXGroup;
			children = (
			);
			path = "Data Base";
			sourceTree = "<group>";
		};
		ABFCC4E319C2DDA10074CA01 /* Images */ = {
			isa = PBXGroup;
			children = (
				AB9E738319CBDD4F00C16E66 /* logo_sct.png */,
			);
			path = Images;
			sourceTree = "<group>";
		};
		ABFCC51219C2DDBE0074CA01 /* StoryBoard */ = {
			isa = PBXGroup;
			children = (
				ABFCC46819C2DB530074CA01 /* LaunchScreen.xib */,
				ABFCC46319C2DB530074CA01 /* Main.storyboard */,
			);
			name = StoryBoard;
			path = ..;
			sourceTree = "<group>";
		};
		ABFCC51919C2E0710074CA01 /* Frameworks */ = {
			isa = PBXGroup;
			children = (
				ABFCC54F19C2E5990074CA01 /* MapKit.framework */,
				ABFCC51719C2E0460074CA01 /* libsqlite3.0.dylib */,
			);
			name = Frameworks;
			sourceTree = "<group>";
		};
/* End PBXGroup section */

/* Begin PBXNativeTarget section */
		ABFCC45519C2DB530074CA01 /* Obras-Programas */ = {
			isa = PBXNativeTarget;
			buildConfigurationList = ABFCC47919C2DB530074CA01 /* Build configuration list for PBXNativeTarget "Obras-Programas" */;
			buildPhases = (
				ABFCC45219C2DB530074CA01 /* Sources */,
				ABFCC45319C2DB530074CA01 /* Frameworks */,
				ABFCC45419C2DB530074CA01 /* Resources */,
			);
			buildRules = (
			);
			dependencies = (
			);
			name = "Obras-Programas";
			productName = "Obras-Programas";
			productReference = ABFCC45619C2DB530074CA01 /* Obras-Programas.app */;
			productType = "com.apple.product-type.application";
		};
		ABFCC46E19C2DB530074CA01 /* Obras-ProgramasTests */ = {
			isa = PBXNativeTarget;
			buildConfigurationList = ABFCC47C19C2DB530074CA01 /* Build configuration list for PBXNativeTarget "Obras-ProgramasTests" */;
			buildPhases = (
				ABFCC46B19C2DB530074CA01 /* Sources */,
				ABFCC46C19C2DB530074CA01 /* Frameworks */,
				ABFCC46D19C2DB530074CA01 /* Resources */,
			);
			buildRules = (
			);
			dependencies = (
				ABFCC47119C2DB530074CA01 /* PBXTargetDependency */,
			);
			name = "Obras-ProgramasTests";
			productName = "Obras-ProgramasTests";
			productReference = ABFCC46F19C2DB530074CA01 /* Obras-ProgramasTests.xctest */;
			productType = "com.apple.product-type.bundle.unit-test";
		};
/* End PBXNativeTarget section */

/* Begin PBXProject section */
		ABFCC44E19C2DB530074CA01 /* Project object */ = {
			isa = PBXProject;
			attributes = {
				LastUpgradeCheck = 0600;
				ORGANIZATIONNAME = Edicomex;
				TargetAttributes = {
					ABFCC45519C2DB530074CA01 = {
						CreatedOnToolsVersion = 6.0;
					};
					ABFCC46E19C2DB530074CA01 = {
						CreatedOnToolsVersion = 6.0;
						TestTargetID = ABFCC45519C2DB530074CA01;
					};
				};
			};
			buildConfigurationList = ABFCC45119C2DB530074CA01 /* Build configuration list for PBXProject "Obras-Programas" */;
			compatibilityVersion = "Xcode 3.2";
			developmentRegion = English;
			hasScannedForEncodings = 0;
			knownRegions = (
				en,
				Base,
			);
			mainGroup = ABFCC44D19C2DB530074CA01;
			productRefGroup = ABFCC45719C2DB530074CA01 /* Products */;
			projectDirPath = "";
			projectRoot = "";
			targets = (
				ABFCC45519C2DB530074CA01 /* Obras-Programas */,
				ABFCC46E19C2DB530074CA01 /* Obras-ProgramasTests */,
			);
		};
/* End PBXProject section */

/* Begin PBXResourcesBuildPhase section */
		ABFCC45419C2DB530074CA01 /* Resources */ = {
			isa = PBXResourcesBuildPhase;
			buildActionMask = 2147483647;
			files = (
				ABFCC46519C2DB530074CA01 /* Main.storyboard in Resources */,
				ABFCC50F19C2DDA10074CA01 /* TSMessagesDefaultDesign.json in Resources */,
				ABFCC4F619C2DDA10074CA01 /* SIAlertView.bundle in Resources */,
				ABFCC50D19C2DDA10074CA01 /* NotificationButtonBackground.png in Resources */,
				ABFCC50819C2DDA10074CA01 /* NotificationBackgroundSuccessIcon@2x.png in Resources */,
				ABFCC50C19C2DDA10074CA01 /* NotificationBackgroundWarningIcon@2x.png in Resources */,
				ABE1584F19E104C80004F691 /* background@2x.png in Resources */,
				ABE1584E19E104C80004F691 /* background.png in Resources */,
				ABE1585019E104C80004F691 /* default.plist in Resources */,
				ABFCC4FF19C2DDA10074CA01 /* NotificationBackgroundError.png in Resources */,
				ABFCC50B19C2DDA10074CA01 /* NotificationBackgroundWarningIcon.png in Resources */,
				ABFCC50519C2DDA10074CA01 /* NotificationBackgroundSuccess.png in Resources */,
				AB9E738419CBDD4F00C16E66 /* logo_sct.png in Resources */,
				ABE1584D19E104C80004F691 /* apple calendar.plist in Resources */,
				ABFCC50919C2DDA10074CA01 /* NotificationBackgroundWarning.png in Resources */,
				ABFCC50719C2DDA10074CA01 /* NotificationBackgroundSuccessIcon.png in Resources */,
				ABFCC50419C2DDA10074CA01 /* NotificationBackgroundMessage@2x.png in Resources */,
				ABFCC46A19C2DB530074CA01 /* LaunchScreen.xib in Resources */,
				ABFCC50019C2DDA10074CA01 /* NotificationBackgroundError@2x.png in Resources */,
				ABFCC50219C2DDA10074CA01 /* NotificationBackgroundErrorIcon@2x.png in Resources */,
				ABFCC50119C2DDA10074CA01 /* NotificationBackgroundErrorIcon.png in Resources */,
				ABFCC50E19C2DDA10074CA01 /* NotificationButtonBackground@2x.png in Resources */,
				ABFCC50619C2DDA10074CA01 /* NotificationBackgroundSuccess@2x.png in Resources */,
				ABFCC46719C2DB530074CA01 /* Images.xcassets in Resources */,
				ABFCC50A19C2DDA10074CA01 /* NotificationBackgroundWarning@2x.png in Resources */,
				AB36C62519D6074500B77B83 /* Mantle-Info.plist in Resources */,
				ABFCC50319C2DDA10074CA01 /* NotificationBackgroundMessage.png in Resources */,
			);
			runOnlyForDeploymentPostprocessing = 0;
		};
		ABFCC46D19C2DB530074CA01 /* Resources */ = {
			isa = PBXResourcesBuildPhase;
			buildActionMask = 2147483647;
			files = (
			);
			runOnlyForDeploymentPostprocessing = 0;
		};
/* End PBXResourcesBuildPhase section */

/* Begin PBXSourcesBuildPhase section */
		ABFCC45219C2DB530074CA01 /* Sources */ = {
			isa = PBXSourcesBuildPhase;
			buildActionMask = 2147483647;
			files = (
				ABFCC4FD19C2DDA10074CA01 /* TSMessage.m in Sources */,
				AB91254E19D4CB1C00151A47 /* Obra.m in Sources */,
				ABFCC4EB19C2DDA10074CA01 /* AFURLRequestSerialization.m in Sources */,
				AB36C62D19D6074500B77B83 /* NSDictionary+MTLManipulationAdditions.m in Sources */,
				ABE1582619E075C90004F691 /* UIColor+Colores.m in Sources */,
				ABFCC4EA19C2DDA10074CA01 /* AFURLConnectionOperation.m in Sources */,
				AB5004A819E20C7F003392E8 /* ObraProgramaCell.m in Sources */,
				ABFCC4F019C2DDA10074CA01 /* UIAlertView+AFNetworking.m in Sources */,
				AB36C62619D6074500B77B83 /* MTLJSONAdapter.m in Sources */,
				ABFCC4E919C2DDA10074CA01 /* AFSecurityPolicy.m in Sources */,
				AB36C63119D6074500B77B83 /* NSValueTransformer+MTLPredefinedTransformerAdditions.m in Sources */,
				ABE1584619E104C80004F691 /* PMCalendarController.m in Sources */,
				AB91254B19D4B68B00151A47 /* Constants.m in Sources */,
				ABBE071519E123A200F1BFFC /* Inversion.m in Sources */,
				AB36C62319D6074500B77B83 /* EXTRuntimeExtensions.m in Sources */,
				ABFCC51119C2DDA10074CA01 /* TSMessageView.m in Sources */,
				ABE1584919E104C80004F691 /* PMPeriod.m in Sources */,
				ABFCC4FC19C2DDA10074CA01 /* UIScrollView+TPKeyboardAvoidingAdditions.m in Sources */,
				ABE1584819E104C80004F691 /* PMDimmingView.m in Sources */,
				ABCFFFFA19D9474D002124B5 /* M13ProgressView.m in Sources */,
				ABFCC51019C2DDA10074CA01 /* TSBlurView.m in Sources */,
				AB36C62819D6074500B77B83 /* MTLModel+NSCoding.m in Sources */,
				ABFCC4F919C2DDA10074CA01 /* TPKeyboardAvoidingCollectionView.m in Sources */,
				AB9E738219CBCD5700C16E66 /* UIImage+BoxBlur.m in Sources */,
				ABFCC4E519C2DDA10074CA01 /* AFHTTPRequestOperation.m in Sources */,
				ABFCC4ED19C2DDA10074CA01 /* AFURLSessionManager.m in Sources */,
				ABFCC4EC19C2DDA10074CA01 /* AFURLResponseSerialization.m in Sources */,
				ABFCC4E419C2DDA10074CA01 /* AppDelegate.m in Sources */,
				AB36C62919D6074500B77B83 /* MTLModel.m in Sources */,
				AB36C62719D6074500B77B83 /* MTLManagedObjectAdapter.m in Sources */,
				ABE1584C19E104C80004F691 /* PMThemeShadow.m in Sources */,
				ABE1584A19E104C80004F691 /* PMSelectionView.m in Sources */,
				AB36C62E19D6074500B77B83 /* NSError+MTLModelException.m in Sources */,
				ABFCC4FB19C2DDA10074CA01 /* TPKeyboardAvoidingTableView.m in Sources */,
				ABCFFFFC19D9474D002124B5 /* UIImage+ImageEffects.m in Sources */,
				ABFCC4F319C2DDA10074CA01 /* UIProgressView+AFNetworking.m in Sources */,
				ABFCC4E719C2DDA10074CA01 /* AFHTTPSessionManager.m in Sources */,
				AB97C9F119D5D4F00049DD51 /* Estado.m in Sources */,
				ABCFFFEF19D93C15002124B5 /* Dependencia.m in Sources */,
				ABFCC4EE19C2DDA10074CA01 /* AFNetworkActivityIndicatorManager.m in Sources */,
				AB91255419D4CCBA00151A47 /* Consulta.m in Sources */,
				ABFCC51519C2DE450074CA01 /* Offline.m in Sources */,
				AB36C62A19D6074500B77B83 /* MTLReflection.m in Sources */,
				AB36C63419D60BBB00B77B83 /* Inaugurador.m in Sources */,
				AB36C62B19D6074500B77B83 /* MTLValueTransformer.m in Sources */,
				AB36C62419D6074500B77B83 /* EXTScope.m in Sources */,
				ABFCC4F719C2DDA10074CA01 /* SIAlertView.m in Sources */,
				ABE1584419E104C80004F691 /* NSDate+Helpers.m in Sources */,
				AB36C62F19D6074500B77B83 /* NSObject+MTLComparisonAdditions.m in Sources */,
				AB36C64719D6671600B77B83 /* RMMapper.m in Sources */,
				AB91255119D4CB2600151A47 /* Programa.m in Sources */,
				AB36C64A19D667C800B77B83 /* TipoObraPrograma.m in Sources */,
				ABFCC4E619C2DDA10074CA01 /* AFHTTPRequestOperationManager.m in Sources */,
				AB36C64219D663E700B77B83 /* NSObject+RMArchivable.m in Sources */,
				ABFCC4F219C2DDA10074CA01 /* UIImageView+AFNetworking.m in Sources */,
				AB36C63019D6074500B77B83 /* NSValueTransformer+MTLInversionAdditions.m in Sources */,
				AB36C63A19D62BA200B77B83 /* Impacto.m in Sources */,
				ABE1584719E104C80004F691 /* PMCalendarView.m in Sources */,
				ABFCC4F119C2DDA10074CA01 /* UIButton+AFNetworking.m in Sources */,
				ABE1584B19E104C80004F691 /* PMThemeEngine.m in Sources */,
				AB9E738119CBCD5700C16E66 /* UIERealTimeBlurView.m in Sources */,
				AB9E738719CBDFDA00C16E66 /* PopupListTableViewController.m in Sources */,
				AB36C63D19D635F200B77B83 /* Clasificacion.m in Sources */,
				ABFCC4F419C2DDA10074CA01 /* UIRefreshControl+AFNetworking.m in Sources */,
				ABFCC54E19C2E43F0074CA01 /* MainViewController.m in Sources */,
				AB36C64319D663E700B77B83 /* NSUserDefaults+RMSaveCustomObject.m in Sources */,
				ABCFFFF919D9474D002124B5 /* M13ProgressHUD.m in Sources */,
				ABE1584519E104C80004F691 /* PMCalendarBackgroundView.m in Sources */,
				AB36C62C19D6074500B77B83 /* NSArray+MTLManipulationAdditions.m in Sources */,
				ABFCC4F519C2DDA10074CA01 /* UIWebView+AFNetworking.m in Sources */,
				ABFCC4F819C2DDA10074CA01 /* UIWindow+SIUtils.m in Sources */,
				AB97C9EB19D54A270049DD51 /* JSONHTTPClient.m in Sources */,
				ABFCC4E819C2DDA10074CA01 /* AFNetworkReachabilityManager.m in Sources */,
				ABFCC45C19C2DB530074CA01 /* main.m in Sources */,
				ABFCC4FA19C2DDA10074CA01 /* TPKeyboardAvoidingScrollView.m in Sources */,
				ABFCC4EF19C2DDA10074CA01 /* UIActivityIndicatorView+AFNetworking.m in Sources */,
				ABFCC4FE19C2DDA10074CA01 /* HexColor.m in Sources */,
				ABCFFFFB19D9474D002124B5 /* M13ProgressViewRing.m in Sources */,
			);
			runOnlyForDeploymentPostprocessing = 0;
		};
		ABFCC46B19C2DB530074CA01 /* Sources */ = {
			isa = PBXSourcesBuildPhase;
			buildActionMask = 2147483647;
			files = (
				ABFCC47619C2DB530074CA01 /* Obras_ProgramasTests.m in Sources */,
			);
			runOnlyForDeploymentPostprocessing = 0;
		};
/* End PBXSourcesBuildPhase section */

/* Begin PBXTargetDependency section */
		ABFCC47119C2DB530074CA01 /* PBXTargetDependency */ = {
			isa = PBXTargetDependency;
			target = ABFCC45519C2DB530074CA01 /* Obras-Programas */;
			targetProxy = ABFCC47019C2DB530074CA01 /* PBXContainerItemProxy */;
		};
/* End PBXTargetDependency section */

/* Begin PBXVariantGroup section */
		ABFCC46319C2DB530074CA01 /* Main.storyboard */ = {
			isa = PBXVariantGroup;
			children = (
				ABFCC46419C2DB530074CA01 /* Base */,
			);
			name = Main.storyboard;
			path = "Obras-Programas";
			sourceTree = "<group>";
		};
		ABFCC46819C2DB530074CA01 /* LaunchScreen.xib */ = {
			isa = PBXVariantGroup;
			children = (
				ABFCC46919C2DB530074CA01 /* Base */,
			);
			name = LaunchScreen.xib;
			path = "Obras-Programas";
			sourceTree = "<group>";
		};
/* End PBXVariantGroup section */

/* Begin XCBuildConfiguration section */
		ABFCC47719C2DB530074CA01 /* Debug */ = {
			isa = XCBuildConfiguration;
			buildSettings = {
				ALWAYS_SEARCH_USER_PATHS = NO;
				CLANG_CXX_LANGUAGE_STANDARD = "gnu++0x";
				CLANG_CXX_LIBRARY = "libc++";
				CLANG_ENABLE_MODULES = YES;
				CLANG_ENABLE_OBJC_ARC = YES;
				CLANG_WARN_BOOL_CONVERSION = YES;
				CLANG_WARN_CONSTANT_CONVERSION = YES;
				CLANG_WARN_DIRECT_OBJC_ISA_USAGE = YES_ERROR;
				CLANG_WARN_EMPTY_BODY = YES;
				CLANG_WARN_ENUM_CONVERSION = YES;
				CLANG_WARN_INT_CONVERSION = YES;
				CLANG_WARN_OBJC_ROOT_CLASS = YES_ERROR;
				CLANG_WARN_UNREACHABLE_CODE = YES;
				CLANG_WARN__DUPLICATE_METHOD_MATCH = YES;
				"CODE_SIGN_IDENTITY[sdk=iphoneos*]" = "iPhone Developer";
				COPY_PHASE_STRIP = NO;
				ENABLE_STRICT_OBJC_MSGSEND = YES;
				GCC_C_LANGUAGE_STANDARD = gnu99;
				GCC_DYNAMIC_NO_PIC = NO;
				GCC_OPTIMIZATION_LEVEL = 0;
				GCC_PREPROCESSOR_DEFINITIONS = (
					"DEBUG=1",
					"$(inherited)",
				);
				GCC_SYMBOLS_PRIVATE_EXTERN = NO;
				GCC_WARN_64_TO_32_BIT_CONVERSION = YES;
				GCC_WARN_ABOUT_RETURN_TYPE = YES_ERROR;
				GCC_WARN_UNDECLARED_SELECTOR = YES;
				GCC_WARN_UNINITIALIZED_AUTOS = YES_AGGRESSIVE;
				GCC_WARN_UNUSED_FUNCTION = YES;
				GCC_WARN_UNUSED_VARIABLE = YES;
				IPHONEOS_DEPLOYMENT_TARGET = 8.0;
				MTL_ENABLE_DEBUG_INFO = YES;
				ONLY_ACTIVE_ARCH = YES;
				SDKROOT = iphoneos;
				TARGETED_DEVICE_FAMILY = 2;
			};
			name = Debug;
		};
		ABFCC47819C2DB530074CA01 /* Release */ = {
			isa = XCBuildConfiguration;
			buildSettings = {
				ALWAYS_SEARCH_USER_PATHS = NO;
				CLANG_CXX_LANGUAGE_STANDARD = "gnu++0x";
				CLANG_CXX_LIBRARY = "libc++";
				CLANG_ENABLE_MODULES = YES;
				CLANG_ENABLE_OBJC_ARC = YES;
				CLANG_WARN_BOOL_CONVERSION = YES;
				CLANG_WARN_CONSTANT_CONVERSION = YES;
				CLANG_WARN_DIRECT_OBJC_ISA_USAGE = YES_ERROR;
				CLANG_WARN_EMPTY_BODY = YES;
				CLANG_WARN_ENUM_CONVERSION = YES;
				CLANG_WARN_INT_CONVERSION = YES;
				CLANG_WARN_OBJC_ROOT_CLASS = YES_ERROR;
				CLANG_WARN_UNREACHABLE_CODE = YES;
				CLANG_WARN__DUPLICATE_METHOD_MATCH = YES;
				"CODE_SIGN_IDENTITY[sdk=iphoneos*]" = "iPhone Developer";
				COPY_PHASE_STRIP = YES;
				ENABLE_NS_ASSERTIONS = NO;
				ENABLE_STRICT_OBJC_MSGSEND = YES;
				GCC_C_LANGUAGE_STANDARD = gnu99;
				GCC_WARN_64_TO_32_BIT_CONVERSION = YES;
				GCC_WARN_ABOUT_RETURN_TYPE = YES_ERROR;
				GCC_WARN_UNDECLARED_SELECTOR = YES;
				GCC_WARN_UNINITIALIZED_AUTOS = YES_AGGRESSIVE;
				GCC_WARN_UNUSED_FUNCTION = YES;
				GCC_WARN_UNUSED_VARIABLE = YES;
				IPHONEOS_DEPLOYMENT_TARGET = 8.0;
				MTL_ENABLE_DEBUG_INFO = NO;
				SDKROOT = iphoneos;
				TARGETED_DEVICE_FAMILY = 2;
				VALIDATE_PRODUCT = YES;
			};
			name = Release;
		};
		ABFCC47A19C2DB530074CA01 /* Debug */ = {
			isa = XCBuildConfiguration;
			buildSettings = {
				ASSETCATALOG_COMPILER_APPICON_NAME = AppIcon;
				GCC_PREFIX_HEADER = "Obras-Programas/Obras-Programas-Prefix.pch";
				INFOPLIST_FILE = "Obras-Programas/Info.plist";
				LD_RUNPATH_SEARCH_PATHS = "$(inherited) @executable_path/Frameworks";
				PRODUCT_NAME = "$(TARGET_NAME)";
			};
			name = Debug;
		};
		ABFCC47B19C2DB530074CA01 /* Release */ = {
			isa = XCBuildConfiguration;
			buildSettings = {
				ASSETCATALOG_COMPILER_APPICON_NAME = AppIcon;
				GCC_PREFIX_HEADER = "Obras-Programas/Obras-Programas-Prefix.pch";
				INFOPLIST_FILE = "Obras-Programas/Info.plist";
				LD_RUNPATH_SEARCH_PATHS = "$(inherited) @executable_path/Frameworks";
				PRODUCT_NAME = "$(TARGET_NAME)";
			};
			name = Release;
		};
		ABFCC47D19C2DB530074CA01 /* Debug */ = {
			isa = XCBuildConfiguration;
			buildSettings = {
				BUNDLE_LOADER = "$(TEST_HOST)";
				FRAMEWORK_SEARCH_PATHS = (
					"$(SDKROOT)/Developer/Library/Frameworks",
					"$(inherited)",
				);
				GCC_PREPROCESSOR_DEFINITIONS = (
					"DEBUG=1",
					"$(inherited)",
				);
				INFOPLIST_FILE = "Obras-ProgramasTests/Info.plist";
				LD_RUNPATH_SEARCH_PATHS = "$(inherited) @executable_path/Frameworks @loader_path/Frameworks";
				PRODUCT_NAME = "$(TARGET_NAME)";
				TEST_HOST = "$(BUILT_PRODUCTS_DIR)/Obras-Programas.app/Obras-Programas";
			};
			name = Debug;
		};
		ABFCC47E19C2DB530074CA01 /* Release */ = {
			isa = XCBuildConfiguration;
			buildSettings = {
				BUNDLE_LOADER = "$(TEST_HOST)";
				FRAMEWORK_SEARCH_PATHS = (
					"$(SDKROOT)/Developer/Library/Frameworks",
					"$(inherited)",
				);
				INFOPLIST_FILE = "Obras-ProgramasTests/Info.plist";
				LD_RUNPATH_SEARCH_PATHS = "$(inherited) @executable_path/Frameworks @loader_path/Frameworks";
				PRODUCT_NAME = "$(TARGET_NAME)";
				TEST_HOST = "$(BUILT_PRODUCTS_DIR)/Obras-Programas.app/Obras-Programas";
			};
			name = Release;
		};
/* End XCBuildConfiguration section */

/* Begin XCConfigurationList section */
		ABFCC45119C2DB530074CA01 /* Build configuration list for PBXProject "Obras-Programas" */ = {
			isa = XCConfigurationList;
			buildConfigurations = (
				ABFCC47719C2DB530074CA01 /* Debug */,
				ABFCC47819C2DB530074CA01 /* Release */,
			);
			defaultConfigurationIsVisible = 0;
			defaultConfigurationName = Release;
		};
		ABFCC47919C2DB530074CA01 /* Build configuration list for PBXNativeTarget "Obras-Programas" */ = {
			isa = XCConfigurationList;
			buildConfigurations = (
				ABFCC47A19C2DB530074CA01 /* Debug */,
				ABFCC47B19C2DB530074CA01 /* Release */,
			);
			defaultConfigurationIsVisible = 0;
			defaultConfigurationName = Release;
		};
		ABFCC47C19C2DB530074CA01 /* Build configuration list for PBXNativeTarget "Obras-ProgramasTests" */ = {
			isa = XCConfigurationList;
			buildConfigurations = (
				ABFCC47D19C2DB530074CA01 /* Debug */,
				ABFCC47E19C2DB530074CA01 /* Release */,
			);
			defaultConfigurationIsVisible = 0;
			defaultConfigurationName = Release;
		};
/* End XCConfigurationList section */
	};
	rootObject = ABFCC44E19C2DB530074CA01 /* Project object */;
}
